// !$*UTF8*$!
{
	archiveVersion = 1;
	classes = {
	};
	objectVersion = 55;
	objects = {

/* Begin PBXBuildFile section */
		9D29A50D2722435600CB7ED6 /* AppDelegate.swift in Sources */ = {isa = PBXBuildFile; fileRef = 9D29A50C2722435600CB7ED6 /* AppDelegate.swift */; };
		9D29A50F2722435600CB7ED6 /* SceneDelegate.swift in Sources */ = {isa = PBXBuildFile; fileRef = 9D29A50E2722435600CB7ED6 /* SceneDelegate.swift */; };
		9D29A5162722435C00CB7ED6 /* Assets.xcassets in Resources */ = {isa = PBXBuildFile; fileRef = 9D29A5152722435C00CB7ED6 /* Assets.xcassets */; };
		9D29A5192722435C00CB7ED6 /* LaunchScreen.storyboard in Resources */ = {isa = PBXBuildFile; fileRef = 9D29A5172722435C00CB7ED6 /* LaunchScreen.storyboard */; };
		9D29A523272243F200CB7ED6 /* Kingfisher in Frameworks */ = {isa = PBXBuildFile; productRef = 9D29A522272243F200CB7ED6 /* Kingfisher */; };
		9D29A525272246E700CB7ED6 /* TabBarController.swift in Sources */ = {isa = PBXBuildFile; fileRef = 9D29A524272246E700CB7ED6 /* TabBarController.swift */; };
		9D29A5292722513100CB7ED6 /* TodayViewController.swift in Sources */ = {isa = PBXBuildFile; fileRef = 9D29A5282722513100CB7ED6 /* TodayViewController.swift */; };
		9D29A52C272253BD00CB7ED6 /* SnapKit in Frameworks */ = {isa = PBXBuildFile; productRef = 9D29A52B272253BD00CB7ED6 /* SnapKit */; };
		9D29A52E27225AA300CB7ED6 /* TodayCollectionviewCell.swift in Sources */ = {isa = PBXBuildFile; fileRef = 9D29A52D27225AA200CB7ED6 /* TodayCollectionviewCell.swift */; };
		9D29A5302722615F00CB7ED6 /* TodayCollectionHeaderView.swift in Sources */ = {isa = PBXBuildFile; fileRef = 9D29A52F2722615F00CB7ED6 /* TodayCollectionHeaderView.swift */; };
		9D29A5342722942300CB7ED6 /* AppViewController.swift in Sources */ = {isa = PBXBuildFile; fileRef = 9D29A5332722942300CB7ED6 /* AppViewController.swift */; };
		9D29A53727229BBD00CB7ED6 /* FeatureSectionView.swift in Sources */ = {isa = PBXBuildFile; fileRef = 9D29A53627229BBD00CB7ED6 /* FeatureSectionView.swift */; };
		9D29A5392722AB0F00CB7ED6 /* FeatureSectionCollectionViewCell.swift in Sources */ = {isa = PBXBuildFile; fileRef = 9D29A5382722AB0F00CB7ED6 /* FeatureSectionCollectionViewCell.swift */; };
		9D29A53B2722B9F900CB7ED6 /* SeparatorView.swift in Sources */ = {isa = PBXBuildFile; fileRef = 9D29A53A2722B9F900CB7ED6 /* SeparatorView.swift */; };
		9D29A53D2722CE0800CB7ED6 /* RankingFeatureSectionView.swift in Sources */ = {isa = PBXBuildFile; fileRef = 9D29A53C2722CE0800CB7ED6 /* RankingFeatureSectionView.swift */; };
		9D29A53F2722D92700CB7ED6 /* RankingFeatureCollectionViewCell.swift in Sources */ = {isa = PBXBuildFile; fileRef = 9D29A53E2722D92700CB7ED6 /* RankingFeatureCollectionViewCell.swift */; };
		9D29A5432722E38500CB7ED6 /* ExchangeCodeButtonView.swift in Sources */ = {isa = PBXBuildFile; fileRef = 9D29A5422722E38500CB7ED6 /* ExchangeCodeButtonView.swift */; };
		9D29A54527269EC600CB7ED6 /* AppDetailViewController.swift in Sources */ = {isa = PBXBuildFile; fileRef = 9D29A54427269EC600CB7ED6 /* AppDetailViewController.swift */; };
		9D8342DB27284576003424B1 /* RankingFeature.plist in Resources */ = {isa = PBXBuildFile; fileRef = 9D8342D827284576003424B1 /* RankingFeature.plist */; };
		9D8342DC27284576003424B1 /* Today.plist in Resources */ = {isa = PBXBuildFile; fileRef = 9D8342D927284576003424B1 /* Today.plist */; };
		9D8342DD27284576003424B1 /* Feature.plist in Resources */ = {isa = PBXBuildFile; fileRef = 9D8342DA27284576003424B1 /* Feature.plist */; };
/* End PBXBuildFile section */

/* Begin PBXFileReference section */
		9D29A5092722435600CB7ED6 /* AppStore.app */ = {isa = PBXFileReference; explicitFileType = wrapper.application; includeInIndex = 0; path = AppStore.app; sourceTree = BUILT_PRODUCTS_DIR; };
		9D29A50C2722435600CB7ED6 /* AppDelegate.swift */ = {isa = PBXFileReference; lastKnownFileType = sourcecode.swift; path = AppDelegate.swift; sourceTree = "<group>"; };
		9D29A50E2722435600CB7ED6 /* SceneDelegate.swift */ = {isa = PBXFileReference; lastKnownFileType = sourcecode.swift; path = SceneDelegate.swift; sourceTree = "<group>"; };
		9D29A5152722435C00CB7ED6 /* Assets.xcassets */ = {isa = PBXFileReference; lastKnownFileType = folder.assetcatalog; path = Assets.xcassets; sourceTree = "<group>"; };
		9D29A5182722435C00CB7ED6 /* Base */ = {isa = PBXFileReference; lastKnownFileType = file.storyboard; name = Base; path = Base.lproj/LaunchScreen.storyboard; sourceTree = "<group>"; };
		9D29A51A2722435C00CB7ED6 /* Info.plist */ = {isa = PBXFileReference; lastKnownFileType = text.plist.xml; path = Info.plist; sourceTree = "<group>"; };
		9D29A524272246E700CB7ED6 /* TabBarController.swift */ = {isa = PBXFileReference; lastKnownFileType = sourcecode.swift; path = TabBarController.swift; sourceTree = "<group>"; };
		9D29A5282722513100CB7ED6 /* TodayViewController.swift */ = {isa = PBXFileReference; lastKnownFileType = sourcecode.swift; path = TodayViewController.swift; sourceTree = "<group>"; };
		9D29A52D27225AA200CB7ED6 /* TodayCollectionviewCell.swift */ = {isa = PBXFileReference; lastKnownFileType = sourcecode.swift; path = TodayCollectionviewCell.swift; sourceTree = "<group>"; };
		9D29A52F2722615F00CB7ED6 /* TodayCollectionHeaderView.swift */ = {isa = PBXFileReference; lastKnownFileType = sourcecode.swift; path = TodayCollectionHeaderView.swift; sourceTree = "<group>"; };
		9D29A5332722942300CB7ED6 /* AppViewController.swift */ = {isa = PBXFileReference; lastKnownFileType = sourcecode.swift; path = AppViewController.swift; sourceTree = "<group>"; };
		9D29A53627229BBD00CB7ED6 /* FeatureSectionView.swift */ = {isa = PBXFileReference; lastKnownFileType = sourcecode.swift; path = FeatureSectionView.swift; sourceTree = "<group>"; };
		9D29A5382722AB0F00CB7ED6 /* FeatureSectionCollectionViewCell.swift */ = {isa = PBXFileReference; lastKnownFileType = sourcecode.swift; path = FeatureSectionCollectionViewCell.swift; sourceTree = "<group>"; };
		9D29A53A2722B9F900CB7ED6 /* SeparatorView.swift */ = {isa = PBXFileReference; lastKnownFileType = sourcecode.swift; path = SeparatorView.swift; sourceTree = "<group>"; };
		9D29A53C2722CE0800CB7ED6 /* RankingFeatureSectionView.swift */ = {isa = PBXFileReference; lastKnownFileType = sourcecode.swift; path = RankingFeatureSectionView.swift; sourceTree = "<group>"; };
		9D29A53E2722D92700CB7ED6 /* RankingFeatureCollectionViewCell.swift */ = {isa = PBXFileReference; lastKnownFileType = sourcecode.swift; path = RankingFeatureCollectionViewCell.swift; sourceTree = "<group>"; };
		9D29A5422722E38500CB7ED6 /* ExchangeCodeButtonView.swift */ = {isa = PBXFileReference; lastKnownFileType = sourcecode.swift; path = ExchangeCodeButtonView.swift; sourceTree = "<group>"; };
		9D29A54427269EC600CB7ED6 /* AppDetailViewController.swift */ = {isa = PBXFileReference; lastKnownFileType = sourcecode.swift; path = AppDetailViewController.swift; sourceTree = "<group>"; };
		9D8342D827284576003424B1 /* RankingFeature.plist */ = {isa = PBXFileReference; fileEncoding = 4; lastKnownFileType = text.plist.xml; path = RankingFeature.plist; sourceTree = "<group>"; };
		9D8342D927284576003424B1 /* Today.plist */ = {isa = PBXFileReference; fileEncoding = 4; lastKnownFileType = text.plist.xml; path = Today.plist; sourceTree = "<group>"; };
		9D8342DA27284576003424B1 /* Feature.plist */ = {isa = PBXFileReference; fileEncoding = 4; lastKnownFileType = text.plist.xml; path = Feature.plist; sourceTree = "<group>"; };
/* End PBXFileReference section */

/* Begin PBXFrameworksBuildPhase section */
		9D29A5062722435600CB7ED6 /* Frameworks */ = {
			isa = PBXFrameworksBuildPhase;
			buildActionMask = 2147483647;
			files = (
				9D29A523272243F200CB7ED6 /* Kingfisher in Frameworks */,
				9D29A52C272253BD00CB7ED6 /* SnapKit in Frameworks */,
			);
			runOnlyForDeploymentPostprocessing = 0;
		};
/* End PBXFrameworksBuildPhase section */

/* Begin PBXGroup section */
		9D29A5002722435600CB7ED6 = {
			isa = PBXGroup;
			children = (
				9D29A50B2722435600CB7ED6 /* AppStore */,
				9D29A50A2722435600CB7ED6 /* Products */,
			);
			sourceTree = "<group>";
		};
		9D29A50A2722435600CB7ED6 /* Products */ = {
			isa = PBXGroup;
			children = (
				9D29A5092722435600CB7ED6 /* AppStore.app */,
			);
			name = Products;
			sourceTree = "<group>";
		};
		9D29A50B2722435600CB7ED6 /* AppStore */ = {
			isa = PBXGroup;
			children = (
				9D8342DE27284583003424B1 /* Data */,
				9D29A50C2722435600CB7ED6 /* AppDelegate.swift */,
				9D29A50E2722435600CB7ED6 /* SceneDelegate.swift */,
				9D29A526272250E900CB7ED6 /* Scenes */,
				9D29A5152722435C00CB7ED6 /* Assets.xcassets */,
				9D29A5172722435C00CB7ED6 /* LaunchScreen.storyboard */,
				9D29A51A2722435C00CB7ED6 /* Info.plist */,
			);
			path = AppStore;
			sourceTree = "<group>";
		};
		9D29A526272250E900CB7ED6 /* Scenes */ = {
			isa = PBXGroup;
			children = (
				9D29A5352722942A00CB7ED6 /* App */,
				9D29A5272722512000CB7ED6 /* Today */,
				9D29A524272246E700CB7ED6 /* TabBarController.swift */,
				9D29A54427269EC600CB7ED6 /* AppDetailViewController.swift */,
			);
			path = Scenes;
			sourceTree = "<group>";
		};
		9D29A5272722512000CB7ED6 /* Today */ = {
			isa = PBXGroup;
			children = (
				9D29A5282722513100CB7ED6 /* TodayViewController.swift */,
				9D29A52D27225AA200CB7ED6 /* TodayCollectionviewCell.swift */,
				9D29A52F2722615F00CB7ED6 /* TodayCollectionHeaderView.swift */,
			);
			path = Today;
			sourceTree = "<group>";
		};
		9D29A5352722942A00CB7ED6 /* App */ = {
			isa = PBXGroup;
			children = (
				9D29A5332722942300CB7ED6 /* AppViewController.swift */,
				9D29A53627229BBD00CB7ED6 /* FeatureSectionView.swift */,
				9D29A5382722AB0F00CB7ED6 /* FeatureSectionCollectionViewCell.swift */,
				9D29A53A2722B9F900CB7ED6 /* SeparatorView.swift */,
				9D29A53C2722CE0800CB7ED6 /* RankingFeatureSectionView.swift */,
				9D29A53E2722D92700CB7ED6 /* RankingFeatureCollectionViewCell.swift */,
				9D29A5422722E38500CB7ED6 /* ExchangeCodeButtonView.swift */,
			);
			path = App;
			sourceTree = "<group>";
		};
		9D8342DE27284583003424B1 /* Data */ = {
			isa = PBXGroup;
			children = (
				9D8342DA27284576003424B1 /* Feature.plist */,
				9D8342D827284576003424B1 /* RankingFeature.plist */,
				9D8342D927284576003424B1 /* Today.plist */,
			);
			path = Data;
			sourceTree = "<group>";
		};
/* End PBXGroup section */

/* Begin PBXNativeTarget section */
		9D29A5082722435600CB7ED6 /* AppStore */ = {
			isa = PBXNativeTarget;
			buildConfigurationList = 9D29A51D2722435C00CB7ED6 /* Build configuration list for PBXNativeTarget "AppStore" */;
			buildPhases = (
				9D29A5052722435600CB7ED6 /* Sources */,
				9D29A5062722435600CB7ED6 /* Frameworks */,
				9D29A5072722435600CB7ED6 /* Resources */,
			);
			buildRules = (
			);
			dependencies = (
			);
			name = AppStore;
			packageProductDependencies = (
				9D29A522272243F200CB7ED6 /* Kingfisher */,
				9D29A52B272253BD00CB7ED6 /* SnapKit */,
			);
			productName = AppStore;
			productReference = 9D29A5092722435600CB7ED6 /* AppStore.app */;
			productType = "com.apple.product-type.application";
		};
/* End PBXNativeTarget section */

/* Begin PBXProject section */
		9D29A5012722435600CB7ED6 /* Project object */ = {
			isa = PBXProject;
			attributes = {
				BuildIndependentTargetsInParallel = 1;
				LastSwiftUpdateCheck = 1300;
				LastUpgradeCheck = 1300;
				TargetAttributes = {
					9D29A5082722435600CB7ED6 = {
						CreatedOnToolsVersion = 13.0;
					};
				};
			};
			buildConfigurationList = 9D29A5042722435600CB7ED6 /* Build configuration list for PBXProject "AppStore" */;
			compatibilityVersion = "Xcode 13.0";
			developmentRegion = en;
			hasScannedForEncodings = 0;
			knownRegions = (
				en,
				Base,
			);
			mainGroup = 9D29A5002722435600CB7ED6;
			packageReferences = (
				9D29A521272243F200CB7ED6 /* XCRemoteSwiftPackageReference "Kingfisher" */,
				9D29A52A272253BC00CB7ED6 /* XCRemoteSwiftPackageReference "SnapKit" */,
			);
			productRefGroup = 9D29A50A2722435600CB7ED6 /* Products */;
			projectDirPath = "";
			projectRoot = "";
			targets = (
				9D29A5082722435600CB7ED6 /* AppStore */,
			);
		};
/* End PBXProject section */

/* Begin PBXResourcesBuildPhase section */
		9D29A5072722435600CB7ED6 /* Resources */ = {
			isa = PBXResourcesBuildPhase;
			buildActionMask = 2147483647;
			files = (
				9D8342DB27284576003424B1 /* RankingFeature.plist in Resources */,
				9D29A5192722435C00CB7ED6 /* LaunchScreen.storyboard in Resources */,
				9D8342DD27284576003424B1 /* Feature.plist in Resources */,
				9D8342DC27284576003424B1 /* Today.plist in Resources */,
				9D29A5162722435C00CB7ED6 /* Assets.xcassets in Resources */,
			);
			runOnlyForDeploymentPostprocessing = 0;
		};
/* End PBXResourcesBuildPhase section */

/* Begin PBXSourcesBuildPhase section */
		9D29A5052722435600CB7ED6 /* Sources */ = {
			isa = PBXSourcesBuildPhase;
			buildActionMask = 2147483647;
			files = (
				9D29A5292722513100CB7ED6 /* TodayViewController.swift in Sources */,
				9D29A525272246E700CB7ED6 /* TabBarController.swift in Sources */,
				9D29A53B2722B9F900CB7ED6 /* SeparatorView.swift in Sources */,
				9D29A52E27225AA300CB7ED6 /* TodayCollectionviewCell.swift in Sources */,
				9D29A5302722615F00CB7ED6 /* TodayCollectionHeaderView.swift in Sources */,
				9D29A5342722942300CB7ED6 /* AppViewController.swift in Sources */,
				9D29A5392722AB0F00CB7ED6 /* FeatureSectionCollectionViewCell.swift in Sources */,
				9D29A50D2722435600CB7ED6 /* AppDelegate.swift in Sources */,
				9D29A50F2722435600CB7ED6 /* SceneDelegate.swift in Sources */,
				9D29A53727229BBD00CB7ED6 /* FeatureSectionView.swift in Sources */,
				9D29A53F2722D92700CB7ED6 /* RankingFeatureCollectionViewCell.swift in Sources */,
				9D29A54527269EC600CB7ED6 /* AppDetailViewController.swift in Sources */,
				9D29A53D2722CE0800CB7ED6 /* RankingFeatureSectionView.swift in Sources */,
				9D29A5432722E38500CB7ED6 /* ExchangeCodeButtonView.swift in Sources */,
			);
			runOnlyForDeploymentPostprocessing = 0;
		};
/* End PBXSourcesBuildPhase section */

/* Begin PBXVariantGroup section */
		9D29A5172722435C00CB7ED6 /* LaunchScreen.storyboard */ = {
			isa = PBXVariantGroup;
			children = (
				9D29A5182722435C00CB7ED6 /* Base */,
			);
			name = LaunchScreen.storyboard;
			sourceTree = "<group>";
		};
/* End PBXVariantGroup section */

/* Begin XCBuildConfiguration section */
		9D29A51B2722435C00CB7ED6 /* Debug */ = {
			isa = XCBuildConfiguration;
			buildSettings = {
				ALWAYS_SEARCH_USER_PATHS = NO;
				CLANG_ANALYZER_NONNULL = YES;
				CLANG_ANALYZER_NUMBER_OBJECT_CONVERSION = YES_AGGRESSIVE;
				CLANG_CXX_LANGUAGE_STANDARD = "gnu++17";
				CLANG_CXX_LIBRARY = "libc++";
				CLANG_ENABLE_MODULES = YES;
				CLANG_ENABLE_OBJC_ARC = YES;
				CLANG_ENABLE_OBJC_WEAK = YES;
				CLANG_WARN_BLOCK_CAPTURE_AUTORELEASING = YES;
				CLANG_WARN_BOOL_CONVERSION = YES;
				CLANG_WARN_COMMA = YES;
				CLANG_WARN_CONSTANT_CONVERSION = YES;
				CLANG_WARN_DEPRECATED_OBJC_IMPLEMENTATIONS = YES;
				CLANG_WARN_DIRECT_OBJC_ISA_USAGE = YES_ERROR;
				CLANG_WARN_DOCUMENTATION_COMMENTS = YES;
				CLANG_WARN_EMPTY_BODY = YES;
				CLANG_WARN_ENUM_CONVERSION = YES;
				CLANG_WARN_INFINITE_RECURSION = YES;
				CLANG_WARN_INT_CONVERSION = YES;
				CLANG_WARN_NON_LITERAL_NULL_CONVERSION = YES;
				CLANG_WARN_OBJC_IMPLICIT_RETAIN_SELF = YES;
				CLANG_WARN_OBJC_LITERAL_CONVERSION = YES;
				CLANG_WARN_OBJC_ROOT_CLASS = YES_ERROR;
				CLANG_WARN_QUOTED_INCLUDE_IN_FRAMEWORK_HEADER = YES;
				CLANG_WARN_RANGE_LOOP_ANALYSIS = YES;
				CLANG_WARN_STRICT_PROTOTYPES = YES;
				CLANG_WARN_SUSPICIOUS_MOVE = YES;
				CLANG_WARN_UNGUARDED_AVAILABILITY = YES_AGGRESSIVE;
				CLANG_WARN_UNREACHABLE_CODE = YES;
				CLANG_WARN__DUPLICATE_METHOD_MATCH = YES;
				COPY_PHASE_STRIP = NO;
				DEBUG_INFORMATION_FORMAT = dwarf;
				ENABLE_STRICT_OBJC_MSGSEND = YES;
				ENABLE_TESTABILITY = YES;
				GCC_C_LANGUAGE_STANDARD = gnu11;
				GCC_DYNAMIC_NO_PIC = NO;
				GCC_NO_COMMON_BLOCKS = YES;
				GCC_OPTIMIZATION_LEVEL = 0;
				GCC_PREPROCESSOR_DEFINITIONS = (
					"DEBUG=1",
					"$(inherited)",
				);
				GCC_WARN_64_TO_32_BIT_CONVERSION = YES;
				GCC_WARN_ABOUT_RETURN_TYPE = YES_ERROR;
				GCC_WARN_UNDECLARED_SELECTOR = YES;
				GCC_WARN_UNINITIALIZED_AUTOS = YES_AGGRESSIVE;
				GCC_WARN_UNUSED_FUNCTION = YES;
				GCC_WARN_UNUSED_VARIABLE = YES;
				IPHONEOS_DEPLOYMENT_TARGET = 15.0;
				MTL_ENABLE_DEBUG_INFO = INCLUDE_SOURCE;
				MTL_FAST_MATH = YES;
				ONLY_ACTIVE_ARCH = YES;
				SDKROOT = iphoneos;
				SWIFT_ACTIVE_COMPILATION_CONDITIONS = DEBUG;
				SWIFT_OPTIMIZATION_LEVEL = "-Onone";
			};
			name = Debug;
		};
		9D29A51C2722435C00CB7ED6 /* Release */ = {
			isa = XCBuildConfiguration;
			buildSettings = {
				ALWAYS_SEARCH_USER_PATHS = NO;
				CLANG_ANALYZER_NONNULL = YES;
				CLANG_ANALYZER_NUMBER_OBJECT_CONVERSION = YES_AGGRESSIVE;
				CLANG_CXX_LANGUAGE_STANDARD = "gnu++17";
				CLANG_CXX_LIBRARY = "libc++";
				CLANG_ENABLE_MODULES = YES;
				CLANG_ENABLE_OBJC_ARC = YES;
				CLANG_ENABLE_OBJC_WEAK = YES;
				CLANG_WARN_BLOCK_CAPTURE_AUTORELEASING = YES;
				CLANG_WARN_BOOL_CONVERSION = YES;
				CLANG_WARN_COMMA = YES;
				CLANG_WARN_CONSTANT_CONVERSION = YES;
				CLANG_WARN_DEPRECATED_OBJC_IMPLEMENTATIONS = YES;
				CLANG_WARN_DIRECT_OBJC_ISA_USAGE = YES_ERROR;
				CLANG_WARN_DOCUMENTATION_COMMENTS = YES;
				CLANG_WARN_EMPTY_BODY = YES;
				CLANG_WARN_ENUM_CONVERSION = YES;
				CLANG_WARN_INFINITE_RECURSION = YES;
				CLANG_WARN_INT_CONVERSION = YES;
				CLANG_WARN_NON_LITERAL_NULL_CONVERSION = YES;
				CLANG_WARN_OBJC_IMPLICIT_RETAIN_SELF = YES;
				CLANG_WARN_OBJC_LITERAL_CONVERSION = YES;
				CLANG_WARN_OBJC_ROOT_CLASS = YES_ERROR;
				CLANG_WARN_QUOTED_INCLUDE_IN_FRAMEWORK_HEADER = YES;
				CLANG_WARN_RANGE_LOOP_ANALYSIS = YES;
				CLANG_WARN_STRICT_PROTOTYPES = YES;
				CLANG_WARN_SUSPICIOUS_MOVE = YES;
				CLANG_WARN_UNGUARDED_AVAILABILITY = YES_AGGRESSIVE;
				CLANG_WARN_UNREACHABLE_CODE = YES;
				CLANG_WARN__DUPLICATE_METHOD_MATCH = YES;
				COPY_PHASE_STRIP = NO;
				DEBUG_INFORMATION_FORMAT = "dwarf-with-dsym";
				ENABLE_NS_ASSERTIONS = NO;
				ENABLE_STRICT_OBJC_MSGSEND = YES;
				GCC_C_LANGUAGE_STANDARD = gnu11;
				GCC_NO_COMMON_BLOCKS = YES;
				GCC_WARN_64_TO_32_BIT_CONVERSION = YES;
				GCC_WARN_ABOUT_RETURN_TYPE = YES_ERROR;
				GCC_WARN_UNDECLARED_SELECTOR = YES;
				GCC_WARN_UNINITIALIZED_AUTOS = YES_AGGRESSIVE;
				GCC_WARN_UNUSED_FUNCTION = YES;
				GCC_WARN_UNUSED_VARIABLE = YES;
				IPHONEOS_DEPLOYMENT_TARGET = 15.0;
				MTL_ENABLE_DEBUG_INFO = NO;
				MTL_FAST_MATH = YES;
				SDKROOT = iphoneos;
				SWIFT_COMPILATION_MODE = wholemodule;
				SWIFT_OPTIMIZATION_LEVEL = "-O";
				VALIDATE_PRODUCT = YES;
			};
			name = Release;
		};
		9D29A51E2722435C00CB7ED6 /* Debug */ = {
			isa = XCBuildConfiguration;
			buildSettings = {
				ASSETCATALOG_COMPILER_APPICON_NAME = AppIcon;
				ASSETCATALOG_COMPILER_GLOBAL_ACCENT_COLOR_NAME = AccentColor;
				CODE_SIGN_STYLE = Automatic;
				CURRENT_PROJECT_VERSION = 1;
				GENERATE_INFOPLIST_FILE = YES;
				INFOPLIST_FILE = AppStore/Info.plist;
				INFOPLIST_KEY_UIApplicationSupportsIndirectInputEvents = YES;
				INFOPLIST_KEY_UILaunchStoryboardName = LaunchScreen;
				INFOPLIST_KEY_UISupportedInterfaceOrientations_iPad = "UIInterfaceOrientationPortrait UIInterfaceOrientationPortraitUpsideDown UIInterfaceOrientationLandscapeLeft UIInterfaceOrientationLandscapeRight";
				INFOPLIST_KEY_UISupportedInterfaceOrientations_iPhone = "UIInterfaceOrientationPortrait UIInterfaceOrientationLandscapeLeft UIInterfaceOrientationLandscapeRight";
				LD_RUNPATH_SEARCH_PATHS = (
					"$(inherited)",
					"@executable_path/Frameworks",
				);
				MARKETING_VERSION = 1.0;
				PRODUCT_BUNDLE_IDENTIFIER = com.AppStore;
				PRODUCT_NAME = "$(TARGET_NAME)";
				SWIFT_EMIT_LOC_STRINGS = YES;
				SWIFT_VERSION = 5.0;
				TARGETED_DEVICE_FAMILY = "1,2";
			};
			name = Debug;
		};
		9D29A51F2722435C00CB7ED6 /* Release */ = {
			isa = XCBuildConfiguration;
			buildSettings = {
				ASSETCATALOG_COMPILER_APPICON_NAME = AppIcon;
				ASSETCATALOG_COMPILER_GLOBAL_ACCENT_COLOR_NAME = AccentColor;
				CODE_SIGN_STYLE = Automatic;
				CURRENT_PROJECT_VERSION = 1;
				GENERATE_INFOPLIST_FILE = YES;
				INFOPLIST_FILE = AppStore/Info.plist;
				INFOPLIST_KEY_UIApplicationSupportsIndirectInputEvents = YES;
				INFOPLIST_KEY_UILaunchStoryboardName = LaunchScreen;
				INFOPLIST_KEY_UISupportedInterfaceOrientations_iPad = "UIInterfaceOrientationPortrait UIInterfaceOrientationPortraitUpsideDown UIInterfaceOrientationLandscapeLeft UIInterfaceOrientationLandscapeRight";
				INFOPLIST_KEY_UISupportedInterfaceOrientations_iPhone = "UIInterfaceOrientationPortrait UIInterfaceOrientationLandscapeLeft UIInterfaceOrientationLandscapeRight";
				LD_RUNPATH_SEARCH_PATHS = (
					"$(inherited)",
					"@executable_path/Frameworks",
				);
				MARKETING_VERSION = 1.0;
				PRODUCT_BUNDLE_IDENTIFIER = com.AppStore;
				PRODUCT_NAME = "$(TARGET_NAME)";
				SWIFT_EMIT_LOC_STRINGS = YES;
				SWIFT_VERSION = 5.0;
				TARGETED_DEVICE_FAMILY = "1,2";
			};
			name = Release;
		};
/* End XCBuildConfiguration section */

/* Begin XCConfigurationList section */
		9D29A5042722435600CB7ED6 /* Build configuration list for PBXProject "AppStore" */ = {
			isa = XCConfigurationList;
			buildConfigurations = (
				9D29A51B2722435C00CB7ED6 /* Debug */,
				9D29A51C2722435C00CB7ED6 /* Release */,
			);
			defaultConfigurationIsVisible = 0;
			defaultConfigurationName = Release;
		};
		9D29A51D2722435C00CB7ED6 /* Build configuration list for PBXNativeTarget "AppStore" */ = {
			isa = XCConfigurationList;
			buildConfigurations = (
				9D29A51E2722435C00CB7ED6 /* Debug */,
				9D29A51F2722435C00CB7ED6 /* Release */,
			);
			defaultConfigurationIsVisible = 0;
			defaultConfigurationName = Release;
		};
/* End XCConfigurationList section */

/* Begin XCRemoteSwiftPackageReference section */
		9D29A521272243F200CB7ED6 /* XCRemoteSwiftPackageReference "Kingfisher" */ = {
			isa = XCRemoteSwiftPackageReference;
			repositoryURL = "https://github.com/onevcat/Kingfisher.git";
			requirement = {
				branch = master;
				kind = branch;
			};
		};
		9D29A52A272253BC00CB7ED6 /* XCRemoteSwiftPackageReference "SnapKit" */ = {
			isa = XCRemoteSwiftPackageReference;
			repositoryURL = "https://github.com/SnapKit/SnapKit.git";
			requirement = {
				kind = upToNextMajorVersion;
				minimumVersion = 5.0.0;
			};
		};
/* End XCRemoteSwiftPackageReference section */

/* Begin XCSwiftPackageProductDependency section */
		9D29A522272243F200CB7ED6 /* Kingfisher */ = {
			isa = XCSwiftPackageProductDependency;
			package = 9D29A521272243F200CB7ED6 /* XCRemoteSwiftPackageReference "Kingfisher" */;
			productName = Kingfisher;
		};
		9D29A52B272253BD00CB7ED6 /* SnapKit */ = {
			isa = XCSwiftPackageProductDependency;
			package = 9D29A52A272253BC00CB7ED6 /* XCRemoteSwiftPackageReference "SnapKit" */;
			productName = SnapKit;
		};
/* End XCSwiftPackageProductDependency section */
	};
	rootObject = 9D29A5012722435600CB7ED6 /* Project object */;
}
