// !$*UTF8*$!
{
	archiveVersion = 1;
	classes = {
	};
	objectVersion = 55;
	objects = {

/* Begin PBXBuildFile section */
		9D28441227045A7C007BE95D /* AppDelegate.swift in Sources */ = {isa = PBXBuildFile; fileRef = 9D28441127045A7C007BE95D /* AppDelegate.swift */; };
		9D28441427045A7C007BE95D /* SceneDelegate.swift in Sources */ = {isa = PBXBuildFile; fileRef = 9D28441327045A7C007BE95D /* SceneDelegate.swift */; };
		9D28441927045A7C007BE95D /* Main.storyboard in Resources */ = {isa = PBXBuildFile; fileRef = 9D28441727045A7C007BE95D /* Main.storyboard */; };
		9D28441B27045A80007BE95D /* Assets.xcassets in Resources */ = {isa = PBXBuildFile; fileRef = 9D28441A27045A80007BE95D /* Assets.xcassets */; };
		9D28441E27045A80007BE95D /* LaunchScreen.storyboard in Resources */ = {isa = PBXBuildFile; fileRef = 9D28441C27045A80007BE95D /* LaunchScreen.storyboard */; };
		9D28442627045B14007BE95D /* CardListViewController.swift in Sources */ = {isa = PBXBuildFile; fileRef = 9D28442527045B13007BE95D /* CardListViewController.swift */; };
		9D28442827045F10007BE95D /* CreditCard.swift in Sources */ = {isa = PBXBuildFile; fileRef = 9D28442727045F10007BE95D /* CreditCard.swift */; };
		9D28442B2704628B007BE95D /* CardListCell.swift in Sources */ = {isa = PBXBuildFile; fileRef = 9D2844292704628B007BE95D /* CardListCell.swift */; };
		9D28442C2704628B007BE95D /* CardListCell.xib in Resources */ = {isa = PBXBuildFile; fileRef = 9D28442A2704628B007BE95D /* CardListCell.xib */; };
		9D28442E27059E00007BE95D /* CardDetailViewController.swift in Sources */ = {isa = PBXBuildFile; fileRef = 9D28442D27059E00007BE95D /* CardDetailViewController.swift */; };
		9D2844302705A6AF007BE95D /* money.json in Resources */ = {isa = PBXBuildFile; fileRef = 9D28442F2705A6AF007BE95D /* money.json */; };
		9D624916270BE5BC00F21F58 /* CreditCardDummy.swift in Sources */ = {isa = PBXBuildFile; fileRef = 9D624915270BE5BC00F21F58 /* CreditCardDummy.swift */; };
		9D8F702727113F8C005A93D2 /* GoogleService-Info.plist in Resources */ = {isa = PBXBuildFile; fileRef = 9D8F702627113F8C005A93D2 /* GoogleService-Info.plist */; };
		C2CC06D0595827699164453C /* Pods_CreditCardList.framework in Frameworks */ = {isa = PBXBuildFile; fileRef = C94C6BB31C127D670FC05596 /* Pods_CreditCardList.framework */; };
/* End PBXBuildFile section */

/* Begin PBXFileReference section */
		0A07725BA4B35209F4AC4D8A /* Pods-CreditCardList.debug.xcconfig */ = {isa = PBXFileReference; includeInIndex = 1; lastKnownFileType = text.xcconfig; name = "Pods-CreditCardList.debug.xcconfig"; path = "Target Support Files/Pods-CreditCardList/Pods-CreditCardList.debug.xcconfig"; sourceTree = "<group>"; };
		9D28440E27045A7C007BE95D /* CreditCardList.app */ = {isa = PBXFileReference; explicitFileType = wrapper.application; includeInIndex = 0; path = CreditCardList.app; sourceTree = BUILT_PRODUCTS_DIR; };
		9D28441127045A7C007BE95D /* AppDelegate.swift */ = {isa = PBXFileReference; lastKnownFileType = sourcecode.swift; path = AppDelegate.swift; sourceTree = "<group>"; };
		9D28441327045A7C007BE95D /* SceneDelegate.swift */ = {isa = PBXFileReference; lastKnownFileType = sourcecode.swift; path = SceneDelegate.swift; sourceTree = "<group>"; };
		9D28441827045A7C007BE95D /* Base */ = {isa = PBXFileReference; lastKnownFileType = file.storyboard; name = Base; path = Base.lproj/Main.storyboard; sourceTree = "<group>"; };
		9D28441A27045A80007BE95D /* Assets.xcassets */ = {isa = PBXFileReference; lastKnownFileType = folder.assetcatalog; path = Assets.xcassets; sourceTree = "<group>"; };
		9D28441D27045A80007BE95D /* Base */ = {isa = PBXFileReference; lastKnownFileType = file.storyboard; name = Base; path = Base.lproj/LaunchScreen.storyboard; sourceTree = "<group>"; };
		9D28441F27045A80007BE95D /* Info.plist */ = {isa = PBXFileReference; lastKnownFileType = text.plist.xml; path = Info.plist; sourceTree = "<group>"; };
		9D28442527045B13007BE95D /* CardListViewController.swift */ = {isa = PBXFileReference; lastKnownFileType = sourcecode.swift; path = CardListViewController.swift; sourceTree = "<group>"; };
		9D28442727045F10007BE95D /* CreditCard.swift */ = {isa = PBXFileReference; lastKnownFileType = sourcecode.swift; path = CreditCard.swift; sourceTree = "<group>"; };
		9D2844292704628B007BE95D /* CardListCell.swift */ = {isa = PBXFileReference; lastKnownFileType = sourcecode.swift; path = CardListCell.swift; sourceTree = "<group>"; };
		9D28442A2704628B007BE95D /* CardListCell.xib */ = {isa = PBXFileReference; lastKnownFileType = file.xib; path = CardListCell.xib; sourceTree = "<group>"; };
		9D28442D27059E00007BE95D /* CardDetailViewController.swift */ = {isa = PBXFileReference; lastKnownFileType = sourcecode.swift; path = CardDetailViewController.swift; sourceTree = "<group>"; };
		9D28442F2705A6AF007BE95D /* money.json */ = {isa = PBXFileReference; fileEncoding = 4; lastKnownFileType = text.json; name = money.json; path = "../../../../패스트캠퍼스 자료/Part 3. Intermediate/Ch2_CreditCardList/money.json"; sourceTree = "<group>"; };
		9D624915270BE5BC00F21F58 /* CreditCardDummy.swift */ = {isa = PBXFileReference; fileEncoding = 4; lastKnownFileType = sourcecode.swift; name = CreditCardDummy.swift; path = "../../../../패스트캠퍼스 자료/Part 3. Intermediate/Ch2_CreditCardList/CreditCardDummy.swift"; sourceTree = "<group>"; };
		9D8F702627113F8C005A93D2 /* GoogleService-Info.plist */ = {isa = PBXFileReference; lastKnownFileType = text.plist; path = "GoogleService-Info.plist"; sourceTree = SOURCE_ROOT; };
		C94C6BB31C127D670FC05596 /* Pods_CreditCardList.framework */ = {isa = PBXFileReference; explicitFileType = wrapper.framework; includeInIndex = 0; path = Pods_CreditCardList.framework; sourceTree = BUILT_PRODUCTS_DIR; };
		F5C105E65DCAA92698D0D1A3 /* Pods-CreditCardList.release.xcconfig */ = {isa = PBXFileReference; includeInIndex = 1; lastKnownFileType = text.xcconfig; name = "Pods-CreditCardList.release.xcconfig"; path = "Target Support Files/Pods-CreditCardList/Pods-CreditCardList.release.xcconfig"; sourceTree = "<group>"; };
/* End PBXFileReference section */

/* Begin PBXFrameworksBuildPhase section */
		9D28440B27045A7C007BE95D /* Frameworks */ = {
			isa = PBXFrameworksBuildPhase;
			buildActionMask = 2147483647;
			files = (
				C2CC06D0595827699164453C /* Pods_CreditCardList.framework in Frameworks */,
			);
			runOnlyForDeploymentPostprocessing = 0;
		};
/* End PBXFrameworksBuildPhase section */

/* Begin PBXGroup section */
		31273D552A01B7DF4B815DD8 /* Pods */ = {
			isa = PBXGroup;
			children = (
				0A07725BA4B35209F4AC4D8A /* Pods-CreditCardList.debug.xcconfig */,
				F5C105E65DCAA92698D0D1A3 /* Pods-CreditCardList.release.xcconfig */,
			);
			path = Pods;
			sourceTree = "<group>";
		};
		9D28440527045A7C007BE95D = {
			isa = PBXGroup;
			children = (
				9D28441027045A7C007BE95D /* CreditCardList */,
				9D28440F27045A7C007BE95D /* Products */,
				31273D552A01B7DF4B815DD8 /* Pods */,
				DE78341C6EB5F3A64FAEB2EA /* Frameworks */,
			);
			sourceTree = "<group>";
		};
		9D28440F27045A7C007BE95D /* Products */ = {
			isa = PBXGroup;
			children = (
				9D28440E27045A7C007BE95D /* CreditCardList.app */,
			);
			name = Products;
			sourceTree = "<group>";
		};
		9D28441027045A7C007BE95D /* CreditCardList */ = {
			isa = PBXGroup;
			children = (
				9D28442F2705A6AF007BE95D /* money.json */,
				9D28442527045B13007BE95D /* CardListViewController.swift */,
				9D28442D27059E00007BE95D /* CardDetailViewController.swift */,
				9D28442727045F10007BE95D /* CreditCard.swift */,
				9D624915270BE5BC00F21F58 /* CreditCardDummy.swift */,
				9D2844292704628B007BE95D /* CardListCell.swift */,
				9D28442A2704628B007BE95D /* CardListCell.xib */,
				9D28441127045A7C007BE95D /* AppDelegate.swift */,
				9D28441327045A7C007BE95D /* SceneDelegate.swift */,
				9D28441727045A7C007BE95D /* Main.storyboard */,
				9D28441A27045A80007BE95D /* Assets.xcassets */,
				9D28441C27045A80007BE95D /* LaunchScreen.storyboard */,
				9D8F702627113F8C005A93D2 /* GoogleService-Info.plist */,
				9D28441F27045A80007BE95D /* Info.plist */,
			);
			path = CreditCardList;
			sourceTree = "<group>";
		};
		DE78341C6EB5F3A64FAEB2EA /* Frameworks */ = {
			isa = PBXGroup;
			children = (
				C94C6BB31C127D670FC05596 /* Pods_CreditCardList.framework */,
			);
			name = Frameworks;
			sourceTree = "<group>";
		};
/* End PBXGroup section */

/* Begin PBXNativeTarget section */
		9D28440D27045A7C007BE95D /* CreditCardList */ = {
			isa = PBXNativeTarget;
			buildConfigurationList = 9D28442227045A80007BE95D /* Build configuration list for PBXNativeTarget "CreditCardList" */;
			buildPhases = (
				1A6B42315774613C23E86BC9 /* [CP] Check Pods Manifest.lock */,
				9D28440A27045A7C007BE95D /* Sources */,
				9D28440B27045A7C007BE95D /* Frameworks */,
				9D28440C27045A7C007BE95D /* Resources */,
				121F0959A602EAE930D85A84 /* [CP] Embed Pods Frameworks */,
			);
			buildRules = (
			);
			dependencies = (
			);
			name = CreditCardList;
			productName = CreditCardList;
			productReference = 9D28440E27045A7C007BE95D /* CreditCardList.app */;
			productType = "com.apple.product-type.application";
		};
/* End PBXNativeTarget section */

/* Begin PBXProject section */
		9D28440627045A7C007BE95D /* Project object */ = {
			isa = PBXProject;
			attributes = {
				BuildIndependentTargetsInParallel = 1;
				LastSwiftUpdateCheck = 1300;
				LastUpgradeCheck = 1300;
				TargetAttributes = {
					9D28440D27045A7C007BE95D = {
						CreatedOnToolsVersion = 13.0;
					};
				};
			};
			buildConfigurationList = 9D28440927045A7C007BE95D /* Build configuration list for PBXProject "CreditCardList" */;
			compatibilityVersion = "Xcode 13.0";
			developmentRegion = en;
			hasScannedForEncodings = 0;
			knownRegions = (
				en,
				Base,
			);
			mainGroup = 9D28440527045A7C007BE95D;
			productRefGroup = 9D28440F27045A7C007BE95D /* Products */;
			projectDirPath = "";
			projectRoot = "";
			targets = (
				9D28440D27045A7C007BE95D /* CreditCardList */,
			);
		};
/* End PBXProject section */

/* Begin PBXResourcesBuildPhase section */
		9D28440C27045A7C007BE95D /* Resources */ = {
			isa = PBXResourcesBuildPhase;
			buildActionMask = 2147483647;
			files = (
				9D28441E27045A80007BE95D /* LaunchScreen.storyboard in Resources */,
				9D28441B27045A80007BE95D /* Assets.xcassets in Resources */,
				9D2844302705A6AF007BE95D /* money.json in Resources */,
				9D28441927045A7C007BE95D /* Main.storyboard in Resources */,
				9D28442C2704628B007BE95D /* CardListCell.xib in Resources */,
				9D8F702727113F8C005A93D2 /* GoogleService-Info.plist in Resources */,
			);
			runOnlyForDeploymentPostprocessing = 0;
		};
/* End PBXResourcesBuildPhase section */

/* Begin PBXShellScriptBuildPhase section */
		121F0959A602EAE930D85A84 /* [CP] Embed Pods Frameworks */ = {
			isa = PBXShellScriptBuildPhase;
			buildActionMask = 2147483647;
			files = (
			);
			inputFileListPaths = (
				"${PODS_ROOT}/Target Support Files/Pods-CreditCardList/Pods-CreditCardList-frameworks-${CONFIGURATION}-input-files.xcfilelist",
			);
			name = "[CP] Embed Pods Frameworks";
			outputFileListPaths = (
				"${PODS_ROOT}/Target Support Files/Pods-CreditCardList/Pods-CreditCardList-frameworks-${CONFIGURATION}-output-files.xcfilelist",
			);
			runOnlyForDeploymentPostprocessing = 0;
			shellPath = /bin/sh;
			shellScript = "\"${PODS_ROOT}/Target Support Files/Pods-CreditCardList/Pods-CreditCardList-frameworks.sh\"\n";
			showEnvVarsInLog = 0;
		};
		1A6B42315774613C23E86BC9 /* [CP] Check Pods Manifest.lock */ = {
			isa = PBXShellScriptBuildPhase;
			buildActionMask = 2147483647;
			files = (
			);
			inputFileListPaths = (
			);
			inputPaths = (
				"${PODS_PODFILE_DIR_PATH}/Podfile.lock",
				"${PODS_ROOT}/Manifest.lock",
			);
			name = "[CP] Check Pods Manifest.lock";
			outputFileListPaths = (
			);
			outputPaths = (
				"$(DERIVED_FILE_DIR)/Pods-CreditCardList-checkManifestLockResult.txt",
			);
			runOnlyForDeploymentPostprocessing = 0;
			shellPath = /bin/sh;
			shellScript = "diff \"${PODS_PODFILE_DIR_PATH}/Podfile.lock\" \"${PODS_ROOT}/Manifest.lock\" > /dev/null\nif [ $? != 0 ] ; then\n    # print error to STDERR\n    echo \"error: The sandbox is not in sync with the Podfile.lock. Run 'pod install' or update your CocoaPods installation.\" >&2\n    exit 1\nfi\n# This output is used by Xcode 'outputs' to avoid re-running this script phase.\necho \"SUCCESS\" > \"${SCRIPT_OUTPUT_FILE_0}\"\n";
			showEnvVarsInLog = 0;
		};
/* End PBXShellScriptBuildPhase section */

/* Begin PBXSourcesBuildPhase section */
		9D28440A27045A7C007BE95D /* Sources */ = {
			isa = PBXSourcesBuildPhase;
			buildActionMask = 2147483647;
			files = (
				9D28442827045F10007BE95D /* CreditCard.swift in Sources */,
				9D28442E27059E00007BE95D /* CardDetailViewController.swift in Sources */,
				9D28442B2704628B007BE95D /* CardListCell.swift in Sources */,
				9D28442627045B14007BE95D /* CardListViewController.swift in Sources */,
				9D624916270BE5BC00F21F58 /* CreditCardDummy.swift in Sources */,
				9D28441227045A7C007BE95D /* AppDelegate.swift in Sources */,
				9D28441427045A7C007BE95D /* SceneDelegate.swift in Sources */,
			);
			runOnlyForDeploymentPostprocessing = 0;
		};
/* End PBXSourcesBuildPhase section */

/* Begin PBXVariantGroup section */
		9D28441727045A7C007BE95D /* Main.storyboard */ = {
			isa = PBXVariantGroup;
			children = (
				9D28441827045A7C007BE95D /* Base */,
			);
			name = Main.storyboard;
			sourceTree = "<group>";
		};
		9D28441C27045A80007BE95D /* LaunchScreen.storyboard */ = {
			isa = PBXVariantGroup;
			children = (
				9D28441D27045A80007BE95D /* Base */,
			);
			name = LaunchScreen.storyboard;
			sourceTree = "<group>";
		};
/* End PBXVariantGroup section */

/* Begin XCBuildConfiguration section */
		9D28442027045A80007BE95D /* Debug */ = {
			isa = XCBuildConfiguration;
			buildSettings = {
				ALWAYS_SEARCH_USER_PATHS = NO;
				CLANG_ANALYZER_NONNULL = YES;
				CLANG_ANALYZER_NUMBER_OBJECT_CONVERSION = YES_AGGRESSIVE;
				CLANG_CXX_LANGUAGE_STANDARD = "gnu++17";
				CLANG_CXX_LIBRARY = "libc++";
				CLANG_ENABLE_MODULES = YES;
				CLANG_ENABLE_OBJC_ARC = YES;
				CLANG_ENABLE_OBJC_WEAK = YES;
				CLANG_WARN_BLOCK_CAPTURE_AUTORELEASING = YES;
				CLANG_WARN_BOOL_CONVERSION = YES;
				CLANG_WARN_COMMA = YES;
				CLANG_WARN_CONSTANT_CONVERSION = YES;
				CLANG_WARN_DEPRECATED_OBJC_IMPLEMENTATIONS = YES;
				CLANG_WARN_DIRECT_OBJC_ISA_USAGE = YES_ERROR;
				CLANG_WARN_DOCUMENTATION_COMMENTS = YES;
				CLANG_WARN_EMPTY_BODY = YES;
				CLANG_WARN_ENUM_CONVERSION = YES;
				CLANG_WARN_INFINITE_RECURSION = YES;
				CLANG_WARN_INT_CONVERSION = YES;
				CLANG_WARN_NON_LITERAL_NULL_CONVERSION = YES;
				CLANG_WARN_OBJC_IMPLICIT_RETAIN_SELF = YES;
				CLANG_WARN_OBJC_LITERAL_CONVERSION = YES;
				CLANG_WARN_OBJC_ROOT_CLASS = YES_ERROR;
				CLANG_WARN_QUOTED_INCLUDE_IN_FRAMEWORK_HEADER = YES;
				CLANG_WARN_RANGE_LOOP_ANALYSIS = YES;
				CLANG_WARN_STRICT_PROTOTYPES = YES;
				CLANG_WARN_SUSPICIOUS_MOVE = YES;
				CLANG_WARN_UNGUARDED_AVAILABILITY = YES_AGGRESSIVE;
				CLANG_WARN_UNREACHABLE_CODE = YES;
				CLANG_WARN__DUPLICATE_METHOD_MATCH = YES;
				COPY_PHASE_STRIP = NO;
				DEBUG_INFORMATION_FORMAT = dwarf;
				ENABLE_STRICT_OBJC_MSGSEND = YES;
				ENABLE_TESTABILITY = YES;
				GCC_C_LANGUAGE_STANDARD = gnu11;
				GCC_DYNAMIC_NO_PIC = NO;
				GCC_NO_COMMON_BLOCKS = YES;
				GCC_OPTIMIZATION_LEVEL = 0;
				GCC_PREPROCESSOR_DEFINITIONS = (
					"DEBUG=1",
					"$(inherited)",
				);
				GCC_WARN_64_TO_32_BIT_CONVERSION = YES;
				GCC_WARN_ABOUT_RETURN_TYPE = YES_ERROR;
				GCC_WARN_UNDECLARED_SELECTOR = YES;
				GCC_WARN_UNINITIALIZED_AUTOS = YES_AGGRESSIVE;
				GCC_WARN_UNUSED_FUNCTION = YES;
				GCC_WARN_UNUSED_VARIABLE = YES;
				IPHONEOS_DEPLOYMENT_TARGET = 15.0;
				MTL_ENABLE_DEBUG_INFO = INCLUDE_SOURCE;
				MTL_FAST_MATH = YES;
				ONLY_ACTIVE_ARCH = YES;
				SDKROOT = iphoneos;
				SWIFT_ACTIVE_COMPILATION_CONDITIONS = DEBUG;
				SWIFT_OPTIMIZATION_LEVEL = "-Onone";
			};
			name = Debug;
		};
		9D28442127045A80007BE95D /* Release */ = {
			isa = XCBuildConfiguration;
			buildSettings = {
				ALWAYS_SEARCH_USER_PATHS = NO;
				CLANG_ANALYZER_NONNULL = YES;
				CLANG_ANALYZER_NUMBER_OBJECT_CONVERSION = YES_AGGRESSIVE;
				CLANG_CXX_LANGUAGE_STANDARD = "gnu++17";
				CLANG_CXX_LIBRARY = "libc++";
				CLANG_ENABLE_MODULES = YES;
				CLANG_ENABLE_OBJC_ARC = YES;
				CLANG_ENABLE_OBJC_WEAK = YES;
				CLANG_WARN_BLOCK_CAPTURE_AUTORELEASING = YES;
				CLANG_WARN_BOOL_CONVERSION = YES;
				CLANG_WARN_COMMA = YES;
				CLANG_WARN_CONSTANT_CONVERSION = YES;
				CLANG_WARN_DEPRECATED_OBJC_IMPLEMENTATIONS = YES;
				CLANG_WARN_DIRECT_OBJC_ISA_USAGE = YES_ERROR;
				CLANG_WARN_DOCUMENTATION_COMMENTS = YES;
				CLANG_WARN_EMPTY_BODY = YES;
				CLANG_WARN_ENUM_CONVERSION = YES;
				CLANG_WARN_INFINITE_RECURSION = YES;
				CLANG_WARN_INT_CONVERSION = YES;
				CLANG_WARN_NON_LITERAL_NULL_CONVERSION = YES;
				CLANG_WARN_OBJC_IMPLICIT_RETAIN_SELF = YES;
				CLANG_WARN_OBJC_LITERAL_CONVERSION = YES;
				CLANG_WARN_OBJC_ROOT_CLASS = YES_ERROR;
				CLANG_WARN_QUOTED_INCLUDE_IN_FRAMEWORK_HEADER = YES;
				CLANG_WARN_RANGE_LOOP_ANALYSIS = YES;
				CLANG_WARN_STRICT_PROTOTYPES = YES;
				CLANG_WARN_SUSPICIOUS_MOVE = YES;
				CLANG_WARN_UNGUARDED_AVAILABILITY = YES_AGGRESSIVE;
				CLANG_WARN_UNREACHABLE_CODE = YES;
				CLANG_WARN__DUPLICATE_METHOD_MATCH = YES;
				COPY_PHASE_STRIP = NO;
				DEBUG_INFORMATION_FORMAT = "dwarf-with-dsym";
				ENABLE_NS_ASSERTIONS = NO;
				ENABLE_STRICT_OBJC_MSGSEND = YES;
				GCC_C_LANGUAGE_STANDARD = gnu11;
				GCC_NO_COMMON_BLOCKS = YES;
				GCC_WARN_64_TO_32_BIT_CONVERSION = YES;
				GCC_WARN_ABOUT_RETURN_TYPE = YES_ERROR;
				GCC_WARN_UNDECLARED_SELECTOR = YES;
				GCC_WARN_UNINITIALIZED_AUTOS = YES_AGGRESSIVE;
				GCC_WARN_UNUSED_FUNCTION = YES;
				GCC_WARN_UNUSED_VARIABLE = YES;
				IPHONEOS_DEPLOYMENT_TARGET = 15.0;
				MTL_ENABLE_DEBUG_INFO = NO;
				MTL_FAST_MATH = YES;
				SDKROOT = iphoneos;
				SWIFT_COMPILATION_MODE = wholemodule;
				SWIFT_OPTIMIZATION_LEVEL = "-O";
				VALIDATE_PRODUCT = YES;
			};
			name = Release;
		};
		9D28442327045A80007BE95D /* Debug */ = {
			isa = XCBuildConfiguration;
			baseConfigurationReference = 0A07725BA4B35209F4AC4D8A /* Pods-CreditCardList.debug.xcconfig */;
			buildSettings = {
				ASSETCATALOG_COMPILER_APPICON_NAME = AppIcon;
				ASSETCATALOG_COMPILER_GLOBAL_ACCENT_COLOR_NAME = AccentColor;
				CODE_SIGN_STYLE = Automatic;
				CURRENT_PROJECT_VERSION = 1;
				GENERATE_INFOPLIST_FILE = YES;
				INFOPLIST_FILE = CreditCardList/Info.plist;
				INFOPLIST_KEY_UIApplicationSupportsIndirectInputEvents = YES;
				INFOPLIST_KEY_UILaunchStoryboardName = LaunchScreen;
				INFOPLIST_KEY_UISupportedInterfaceOrientations_iPad = "UIInterfaceOrientationPortrait UIInterfaceOrientationPortraitUpsideDown UIInterfaceOrientationLandscapeLeft UIInterfaceOrientationLandscapeRight";
				INFOPLIST_KEY_UISupportedInterfaceOrientations_iPhone = "UIInterfaceOrientationPortrait UIInterfaceOrientationLandscapeLeft UIInterfaceOrientationLandscapeRight";
				LD_RUNPATH_SEARCH_PATHS = (
					"$(inherited)",
					"@executable_path/Frameworks",
				);
				MARKETING_VERSION = 1.0;
				PRODUCT_BUNDLE_IDENTIFIER = com.CreditCardList;
				PRODUCT_NAME = "$(TARGET_NAME)";
				SWIFT_EMIT_LOC_STRINGS = YES;
				SWIFT_VERSION = 5.0;
				TARGETED_DEVICE_FAMILY = "1,2";
			};
			name = Debug;
		};
		9D28442427045A80007BE95D /* Release */ = {
			isa = XCBuildConfiguration;
			baseConfigurationReference = F5C105E65DCAA92698D0D1A3 /* Pods-CreditCardList.release.xcconfig */;
			buildSettings = {
				ASSETCATALOG_COMPILER_APPICON_NAME = AppIcon;
				ASSETCATALOG_COMPILER_GLOBAL_ACCENT_COLOR_NAME = AccentColor;
				CODE_SIGN_STYLE = Automatic;
				CURRENT_PROJECT_VERSION = 1;
				GENERATE_INFOPLIST_FILE = YES;
				INFOPLIST_FILE = CreditCardList/Info.plist;
				INFOPLIST_KEY_UIApplicationSupportsIndirectInputEvents = YES;
				INFOPLIST_KEY_UILaunchStoryboardName = LaunchScreen;
				INFOPLIST_KEY_UISupportedInterfaceOrientations_iPad = "UIInterfaceOrientationPortrait UIInterfaceOrientationPortraitUpsideDown UIInterfaceOrientationLandscapeLeft UIInterfaceOrientationLandscapeRight";
				INFOPLIST_KEY_UISupportedInterfaceOrientations_iPhone = "UIInterfaceOrientationPortrait UIInterfaceOrientationLandscapeLeft UIInterfaceOrientationLandscapeRight";
				LD_RUNPATH_SEARCH_PATHS = (
					"$(inherited)",
					"@executable_path/Frameworks",
				);
				MARKETING_VERSION = 1.0;
				PRODUCT_BUNDLE_IDENTIFIER = com.CreditCardList;
				PRODUCT_NAME = "$(TARGET_NAME)";
				SWIFT_EMIT_LOC_STRINGS = YES;
				SWIFT_VERSION = 5.0;
				TARGETED_DEVICE_FAMILY = "1,2";
			};
			name = Release;
		};
/* End XCBuildConfiguration section */

/* Begin XCConfigurationList section */
		9D28440927045A7C007BE95D /* Build configuration list for PBXProject "CreditCardList" */ = {
			isa = XCConfigurationList;
			buildConfigurations = (
				9D28442027045A80007BE95D /* Debug */,
				9D28442127045A80007BE95D /* Release */,
			);
			defaultConfigurationIsVisible = 0;
			defaultConfigurationName = Release;
		};
		9D28442227045A80007BE95D /* Build configuration list for PBXNativeTarget "CreditCardList" */ = {
			isa = XCConfigurationList;
			buildConfigurations = (
				9D28442327045A80007BE95D /* Debug */,
				9D28442427045A80007BE95D /* Release */,
			);
			defaultConfigurationIsVisible = 0;
			defaultConfigurationName = Release;
		};
/* End XCConfigurationList section */
	};
	rootObject = 9D28440627045A7C007BE95D /* Project object */;
}
