// !$*UTF8*$!
{
	archiveVersion = 1;
	classes = {
	};
	objectVersion = 55;
	objects = {

/* Begin PBXBuildFile section */
		1035012C6EAA24C5576C69C3 /* Pods_SearchDaumBlog.framework in Frameworks */ = {isa = PBXBuildFile; fileRef = 25916B51E824744E572B748D /* Pods_SearchDaumBlog.framework */; };
		9D54A1622795510100D55453 /* SearchBar.swift in Sources */ = {isa = PBXBuildFile; fileRef = 9D54A1612795510100D55453 /* SearchBar.swift */; };
		9D54A164279559B800D55453 /* FilterView.swift in Sources */ = {isa = PBXBuildFile; fileRef = 9D54A163279559B700D55453 /* FilterView.swift */; };
		9D54A16627955D3000D55453 /* BlogList.swift in Sources */ = {isa = PBXBuildFile; fileRef = 9D54A16527955D3000D55453 /* BlogList.swift */; };
		9D54A16827955D6E00D55453 /* BlogListCell.swift in Sources */ = {isa = PBXBuildFile; fileRef = 9D54A16727955D6E00D55453 /* BlogListCell.swift */; };
		9D54A16A27955D7B00D55453 /* BlogListCellData.swift in Sources */ = {isa = PBXBuildFile; fileRef = 9D54A16927955D7B00D55453 /* BlogListCellData.swift */; };
		9D54A1732795676300D55453 /* AlertActionConvertible.swift in Sources */ = {isa = PBXBuildFile; fileRef = 9D54A1722795676300D55453 /* AlertActionConvertible.swift */; };
		9D84E98427969CE1003910B3 /* DKBlog.swift in Sources */ = {isa = PBXBuildFile; fileRef = 9D84E98327969CE1003910B3 /* DKBlog.swift */; };
		9D84E9862796A25F003910B3 /* SearchBlogAPI.swift in Sources */ = {isa = PBXBuildFile; fileRef = 9D84E9852796A25F003910B3 /* SearchBlogAPI.swift */; };
		9D84E9892796A371003910B3 /* SearchBlogNetwork.swift in Sources */ = {isa = PBXBuildFile; fileRef = 9D84E9882796A371003910B3 /* SearchBlogNetwork.swift */; };
		9DA27FC0279153D900BD91C2 /* AppDelegate.swift in Sources */ = {isa = PBXBuildFile; fileRef = 9DA27FBF279153D900BD91C2 /* AppDelegate.swift */; };
		9DA27FC2279153D900BD91C2 /* SceneDelegate.swift in Sources */ = {isa = PBXBuildFile; fileRef = 9DA27FC1279153D900BD91C2 /* SceneDelegate.swift */; };
		9DA27FC9279153DB00BD91C2 /* Assets.xcassets in Resources */ = {isa = PBXBuildFile; fileRef = 9DA27FC8279153DB00BD91C2 /* Assets.xcassets */; };
		9DA27FCC279153DB00BD91C2 /* LaunchScreen.storyboard in Resources */ = {isa = PBXBuildFile; fileRef = 9DA27FCA279153DB00BD91C2 /* LaunchScreen.storyboard */; };
		9DA27FD6279154BE00BD91C2 /* SnapKit in Frameworks */ = {isa = PBXBuildFile; productRef = 9DA27FD5279154BE00BD91C2 /* SnapKit */; };
		9DA27FDA2791B02600BD91C2 /* Kingfisher in Frameworks */ = {isa = PBXBuildFile; productRef = 9DA27FD92791B02600BD91C2 /* Kingfisher */; };
		9DA27FDC2791B19200BD91C2 /* MainViewController.swift in Sources */ = {isa = PBXBuildFile; fileRef = 9DA27FDB2791B19200BD91C2 /* MainViewController.swift */; };
		9DAF02CD27A3BF1D000F46D2 /* SearchBarViewModel.swift in Sources */ = {isa = PBXBuildFile; fileRef = 9DAF02CC27A3BF1D000F46D2 /* SearchBarViewModel.swift */; };
		9DAF02CF27A3C57F000F46D2 /* FilterViewModel.swift in Sources */ = {isa = PBXBuildFile; fileRef = 9DAF02CE27A3C57F000F46D2 /* FilterViewModel.swift */; };
		9DAF02D127A3C5F6000F46D2 /* BlogListViewModel.swift in Sources */ = {isa = PBXBuildFile; fileRef = 9DAF02D027A3C5F6000F46D2 /* BlogListViewModel.swift */; };
		9DAF02D327A3C8DA000F46D2 /* MainViewModel.swift in Sources */ = {isa = PBXBuildFile; fileRef = 9DAF02D227A3C8DA000F46D2 /* MainViewModel.swift */; };
		9DAF02D527A3D5B6000F46D2 /* MainModel.swift in Sources */ = {isa = PBXBuildFile; fileRef = 9DAF02D427A3D5B6000F46D2 /* MainModel.swift */; };
/* End PBXBuildFile section */

/* Begin PBXFileReference section */
		25916B51E824744E572B748D /* Pods_SearchDaumBlog.framework */ = {isa = PBXFileReference; explicitFileType = wrapper.framework; includeInIndex = 0; path = Pods_SearchDaumBlog.framework; sourceTree = BUILT_PRODUCTS_DIR; };
		5E00866717E63BDEEA00F718 /* Pods-SearchDaumBlog.debug.xcconfig */ = {isa = PBXFileReference; includeInIndex = 1; lastKnownFileType = text.xcconfig; name = "Pods-SearchDaumBlog.debug.xcconfig"; path = "Target Support Files/Pods-SearchDaumBlog/Pods-SearchDaumBlog.debug.xcconfig"; sourceTree = "<group>"; };
		9D54A1612795510100D55453 /* SearchBar.swift */ = {isa = PBXFileReference; lastKnownFileType = sourcecode.swift; path = SearchBar.swift; sourceTree = "<group>"; };
		9D54A163279559B700D55453 /* FilterView.swift */ = {isa = PBXFileReference; lastKnownFileType = sourcecode.swift; path = FilterView.swift; sourceTree = "<group>"; };
		9D54A16527955D3000D55453 /* BlogList.swift */ = {isa = PBXFileReference; lastKnownFileType = sourcecode.swift; path = BlogList.swift; sourceTree = "<group>"; };
		9D54A16727955D6E00D55453 /* BlogListCell.swift */ = {isa = PBXFileReference; lastKnownFileType = sourcecode.swift; path = BlogListCell.swift; sourceTree = "<group>"; };
		9D54A16927955D7B00D55453 /* BlogListCellData.swift */ = {isa = PBXFileReference; lastKnownFileType = sourcecode.swift; path = BlogListCellData.swift; sourceTree = "<group>"; };
		9D54A1722795676300D55453 /* AlertActionConvertible.swift */ = {isa = PBXFileReference; lastKnownFileType = sourcecode.swift; path = AlertActionConvertible.swift; sourceTree = "<group>"; };
		9D84E98327969CE1003910B3 /* DKBlog.swift */ = {isa = PBXFileReference; lastKnownFileType = sourcecode.swift; path = DKBlog.swift; sourceTree = "<group>"; };
		9D84E9852796A25F003910B3 /* SearchBlogAPI.swift */ = {isa = PBXFileReference; lastKnownFileType = sourcecode.swift; path = SearchBlogAPI.swift; sourceTree = "<group>"; };
		9D84E9882796A371003910B3 /* SearchBlogNetwork.swift */ = {isa = PBXFileReference; lastKnownFileType = sourcecode.swift; path = SearchBlogNetwork.swift; sourceTree = "<group>"; };
		9DA27FBC279153D900BD91C2 /* SearchDaumBlog.app */ = {isa = PBXFileReference; explicitFileType = wrapper.application; includeInIndex = 0; path = SearchDaumBlog.app; sourceTree = BUILT_PRODUCTS_DIR; };
		9DA27FBF279153D900BD91C2 /* AppDelegate.swift */ = {isa = PBXFileReference; lastKnownFileType = sourcecode.swift; path = AppDelegate.swift; sourceTree = "<group>"; };
		9DA27FC1279153D900BD91C2 /* SceneDelegate.swift */ = {isa = PBXFileReference; lastKnownFileType = sourcecode.swift; path = SceneDelegate.swift; sourceTree = "<group>"; };
		9DA27FC8279153DB00BD91C2 /* Assets.xcassets */ = {isa = PBXFileReference; lastKnownFileType = folder.assetcatalog; path = Assets.xcassets; sourceTree = "<group>"; };
		9DA27FCB279153DB00BD91C2 /* Base */ = {isa = PBXFileReference; lastKnownFileType = file.storyboard; name = Base; path = Base.lproj/LaunchScreen.storyboard; sourceTree = "<group>"; };
		9DA27FCD279153DB00BD91C2 /* Info.plist */ = {isa = PBXFileReference; lastKnownFileType = text.plist.xml; path = Info.plist; sourceTree = "<group>"; };
		9DA27FDB2791B19200BD91C2 /* MainViewController.swift */ = {isa = PBXFileReference; lastKnownFileType = sourcecode.swift; path = MainViewController.swift; sourceTree = "<group>"; };
		9DAF02CC27A3BF1D000F46D2 /* SearchBarViewModel.swift */ = {isa = PBXFileReference; lastKnownFileType = sourcecode.swift; name = SearchBarViewModel.swift; path = ../../../../../../../../../SearchBarViewModel.swift; sourceTree = "<group>"; };
		9DAF02CE27A3C57F000F46D2 /* FilterViewModel.swift */ = {isa = PBXFileReference; lastKnownFileType = sourcecode.swift; name = FilterViewModel.swift; path = ../../../../../../../../../../FilterViewModel.swift; sourceTree = "<group>"; };
		9DAF02D027A3C5F6000F46D2 /* BlogListViewModel.swift */ = {isa = PBXFileReference; lastKnownFileType = sourcecode.swift; name = BlogListViewModel.swift; path = ../../../../../../../../../BlogListViewModel.swift; sourceTree = "<group>"; };
		9DAF02D227A3C8DA000F46D2 /* MainViewModel.swift */ = {isa = PBXFileReference; lastKnownFileType = sourcecode.swift; name = MainViewModel.swift; path = ../../../../../../../MainViewModel.swift; sourceTree = "<group>"; };
		9DAF02D427A3D5B6000F46D2 /* MainModel.swift */ = {isa = PBXFileReference; lastKnownFileType = sourcecode.swift; name = MainModel.swift; path = ../../../../../../../MainModel.swift; sourceTree = "<group>"; };
		F6DF5E3FA1AC3EFF23157FDC /* Pods-SearchDaumBlog.release.xcconfig */ = {isa = PBXFileReference; includeInIndex = 1; lastKnownFileType = text.xcconfig; name = "Pods-SearchDaumBlog.release.xcconfig"; path = "Target Support Files/Pods-SearchDaumBlog/Pods-SearchDaumBlog.release.xcconfig"; sourceTree = "<group>"; };
/* End PBXFileReference section */

/* Begin PBXFrameworksBuildPhase section */
		9DA27FB9279153D900BD91C2 /* Frameworks */ = {
			isa = PBXFrameworksBuildPhase;
			buildActionMask = 2147483647;
			files = (
				9DA27FDA2791B02600BD91C2 /* Kingfisher in Frameworks */,
				9DA27FD6279154BE00BD91C2 /* SnapKit in Frameworks */,
				1035012C6EAA24C5576C69C3 /* Pods_SearchDaumBlog.framework in Frameworks */,
			);
			runOnlyForDeploymentPostprocessing = 0;
		};
/* End PBXFrameworksBuildPhase section */

/* Begin PBXGroup section */
		2C5C8DA45B092F44C4AE80DD /* Pods */ = {
			isa = PBXGroup;
			children = (
				5E00866717E63BDEEA00F718 /* Pods-SearchDaumBlog.debug.xcconfig */,
				F6DF5E3FA1AC3EFF23157FDC /* Pods-SearchDaumBlog.release.xcconfig */,
			);
			path = Pods;
			sourceTree = "<group>";
		};
		9D54A16B27955D8E00D55453 /* Presentation */ = {
			isa = PBXGroup;
			children = (
				9D54A16E2795662700D55453 /* MainViewController */,
			);
			path = Presentation;
			sourceTree = "<group>";
		};
		9D54A16C27955D9C00D55453 /* Entities */ = {
			isa = PBXGroup;
			children = (
				9D54A16927955D7B00D55453 /* BlogListCellData.swift */,
				9D54A1722795676300D55453 /* AlertActionConvertible.swift */,
				9D84E98327969CE1003910B3 /* DKBlog.swift */,
			);
			path = Entities;
			sourceTree = "<group>";
		};
		9D54A16D2795660D00D55453 /* SubComponents */ = {
			isa = PBXGroup;
			children = (
				9D54A16F2795663500D55453 /* SearchBar */,
				9D54A1702795663F00D55453 /* BlogListView */,
			);
			path = SubComponents;
			sourceTree = "<group>";
		};
		9D54A16E2795662700D55453 /* MainViewController */ = {
			isa = PBXGroup;
			children = (
				9DA27FDB2791B19200BD91C2 /* MainViewController.swift */,
				9DAF02D227A3C8DA000F46D2 /* MainViewModel.swift */,
				9DAF02D427A3D5B6000F46D2 /* MainModel.swift */,
				9D54A16D2795660D00D55453 /* SubComponents */,
			);
			path = MainViewController;
			sourceTree = "<group>";
		};
		9D54A16F2795663500D55453 /* SearchBar */ = {
			isa = PBXGroup;
			children = (
				9D54A1612795510100D55453 /* SearchBar.swift */,
				9DAF02CC27A3BF1D000F46D2 /* SearchBarViewModel.swift */,
			);
			path = SearchBar;
			sourceTree = "<group>";
		};
		9D54A1702795663F00D55453 /* BlogListView */ = {
			isa = PBXGroup;
			children = (
				9D54A16527955D3000D55453 /* BlogList.swift */,
				9DAF02D027A3C5F6000F46D2 /* BlogListViewModel.swift */,
				9D54A1712795665000D55453 /* SubComponents */,
			);
			path = BlogListView;
			sourceTree = "<group>";
		};
		9D54A1712795665000D55453 /* SubComponents */ = {
			isa = PBXGroup;
			children = (
				9D54A163279559B700D55453 /* FilterView.swift */,
				9DAF02CE27A3C57F000F46D2 /* FilterViewModel.swift */,
				9D54A16727955D6E00D55453 /* BlogListCell.swift */,
			);
			path = SubComponents;
			sourceTree = "<group>";
		};
		9D84E9872796A278003910B3 /* Network */ = {
			isa = PBXGroup;
			children = (
				9D84E9852796A25F003910B3 /* SearchBlogAPI.swift */,
				9D84E9882796A371003910B3 /* SearchBlogNetwork.swift */,
			);
			path = Network;
			sourceTree = "<group>";
		};
		9DA27FB3279153D900BD91C2 = {
			isa = PBXGroup;
			children = (
				9DA27FBE279153D900BD91C2 /* SearchDaumBlog */,
				9DA27FBD279153D900BD91C2 /* Products */,
				2C5C8DA45B092F44C4AE80DD /* Pods */,
				F88698512711F6F160A51A55 /* Frameworks */,
			);
			sourceTree = "<group>";
		};
		9DA27FBD279153D900BD91C2 /* Products */ = {
			isa = PBXGroup;
			children = (
				9DA27FBC279153D900BD91C2 /* SearchDaumBlog.app */,
			);
			name = Products;
			sourceTree = "<group>";
		};
		9DA27FBE279153D900BD91C2 /* SearchDaumBlog */ = {
			isa = PBXGroup;
			children = (
				9DA27FBF279153D900BD91C2 /* AppDelegate.swift */,
				9DA27FC1279153D900BD91C2 /* SceneDelegate.swift */,
				9D54A16C27955D9C00D55453 /* Entities */,
				9D84E9872796A278003910B3 /* Network */,
				9D54A16B27955D8E00D55453 /* Presentation */,
				9DA27FC8279153DB00BD91C2 /* Assets.xcassets */,
				9DA27FCA279153DB00BD91C2 /* LaunchScreen.storyboard */,
				9DA27FCD279153DB00BD91C2 /* Info.plist */,
			);
			path = SearchDaumBlog;
			sourceTree = "<group>";
		};
		F88698512711F6F160A51A55 /* Frameworks */ = {
			isa = PBXGroup;
			children = (
				25916B51E824744E572B748D /* Pods_SearchDaumBlog.framework */,
			);
			name = Frameworks;
			sourceTree = "<group>";
		};
/* End PBXGroup section */

/* Begin PBXNativeTarget section */
		9DA27FBB279153D900BD91C2 /* SearchDaumBlog */ = {
			isa = PBXNativeTarget;
			buildConfigurationList = 9DA27FD0279153DB00BD91C2 /* Build configuration list for PBXNativeTarget "SearchDaumBlog" */;
			buildPhases = (
				C9C9CBBA64AEA4BA2AC8B6F9 /* [CP] Check Pods Manifest.lock */,
				9DA27FB8279153D900BD91C2 /* Sources */,
				9DA27FB9279153D900BD91C2 /* Frameworks */,
				9DA27FBA279153D900BD91C2 /* Resources */,
				2A6783CFEC8C8237A0B5334D /* [CP] Embed Pods Frameworks */,
			);
			buildRules = (
			);
			dependencies = (
			);
			name = SearchDaumBlog;
			packageProductDependencies = (
				9DA27FD5279154BE00BD91C2 /* SnapKit */,
				9DA27FD92791B02600BD91C2 /* Kingfisher */,
			);
			productName = SearchDaumBlog;
			productReference = 9DA27FBC279153D900BD91C2 /* SearchDaumBlog.app */;
			productType = "com.apple.product-type.application";
		};
/* End PBXNativeTarget section */

/* Begin PBXProject section */
		9DA27FB4279153D900BD91C2 /* Project object */ = {
			isa = PBXProject;
			attributes = {
				BuildIndependentTargetsInParallel = 1;
				LastSwiftUpdateCheck = 1320;
				LastUpgradeCheck = 1320;
				TargetAttributes = {
					9DA27FBB279153D900BD91C2 = {
						CreatedOnToolsVersion = 13.2.1;
					};
				};
			};
			buildConfigurationList = 9DA27FB7279153D900BD91C2 /* Build configuration list for PBXProject "SearchDaumBlog" */;
			compatibilityVersion = "Xcode 13.0";
			developmentRegion = en;
			hasScannedForEncodings = 0;
			knownRegions = (
				en,
				Base,
			);
			mainGroup = 9DA27FB3279153D900BD91C2;
			packageReferences = (
				9DA27FD4279154BE00BD91C2 /* XCRemoteSwiftPackageReference "SnapKit" */,
				9DA27FD82791B02600BD91C2 /* XCRemoteSwiftPackageReference "Kingfisher" */,
			);
			productRefGroup = 9DA27FBD279153D900BD91C2 /* Products */;
			projectDirPath = "";
			projectRoot = "";
			targets = (
				9DA27FBB279153D900BD91C2 /* SearchDaumBlog */,
			);
		};
/* End PBXProject section */

/* Begin PBXResourcesBuildPhase section */
		9DA27FBA279153D900BD91C2 /* Resources */ = {
			isa = PBXResourcesBuildPhase;
			buildActionMask = 2147483647;
			files = (
				9DA27FCC279153DB00BD91C2 /* LaunchScreen.storyboard in Resources */,
				9DA27FC9279153DB00BD91C2 /* Assets.xcassets in Resources */,
			);
			runOnlyForDeploymentPostprocessing = 0;
		};
/* End PBXResourcesBuildPhase section */

/* Begin PBXShellScriptBuildPhase section */
		2A6783CFEC8C8237A0B5334D /* [CP] Embed Pods Frameworks */ = {
			isa = PBXShellScriptBuildPhase;
			buildActionMask = 2147483647;
			files = (
			);
			inputFileListPaths = (
				"${PODS_ROOT}/Target Support Files/Pods-SearchDaumBlog/Pods-SearchDaumBlog-frameworks-${CONFIGURATION}-input-files.xcfilelist",
			);
			name = "[CP] Embed Pods Frameworks";
			outputFileListPaths = (
				"${PODS_ROOT}/Target Support Files/Pods-SearchDaumBlog/Pods-SearchDaumBlog-frameworks-${CONFIGURATION}-output-files.xcfilelist",
			);
			runOnlyForDeploymentPostprocessing = 0;
			shellPath = /bin/sh;
			shellScript = "\"${PODS_ROOT}/Target Support Files/Pods-SearchDaumBlog/Pods-SearchDaumBlog-frameworks.sh\"\n";
			showEnvVarsInLog = 0;
		};
		C9C9CBBA64AEA4BA2AC8B6F9 /* [CP] Check Pods Manifest.lock */ = {
			isa = PBXShellScriptBuildPhase;
			buildActionMask = 2147483647;
			files = (
			);
			inputFileListPaths = (
			);
			inputPaths = (
				"${PODS_PODFILE_DIR_PATH}/Podfile.lock",
				"${PODS_ROOT}/Manifest.lock",
			);
			name = "[CP] Check Pods Manifest.lock";
			outputFileListPaths = (
			);
			outputPaths = (
				"$(DERIVED_FILE_DIR)/Pods-SearchDaumBlog-checkManifestLockResult.txt",
			);
			runOnlyForDeploymentPostprocessing = 0;
			shellPath = /bin/sh;
			shellScript = "diff \"${PODS_PODFILE_DIR_PATH}/Podfile.lock\" \"${PODS_ROOT}/Manifest.lock\" > /dev/null\nif [ $? != 0 ] ; then\n    # print error to STDERR\n    echo \"error: The sandbox is not in sync with the Podfile.lock. Run 'pod install' or update your CocoaPods installation.\" >&2\n    exit 1\nfi\n# This output is used by Xcode 'outputs' to avoid re-running this script phase.\necho \"SUCCESS\" > \"${SCRIPT_OUTPUT_FILE_0}\"\n";
			showEnvVarsInLog = 0;
		};
/* End PBXShellScriptBuildPhase section */

/* Begin PBXSourcesBuildPhase section */
		9DA27FB8279153D900BD91C2 /* Sources */ = {
			isa = PBXSourcesBuildPhase;
			buildActionMask = 2147483647;
			files = (
				9DAF02CF27A3C57F000F46D2 /* FilterViewModel.swift in Sources */,
				9DA27FDC2791B19200BD91C2 /* MainViewController.swift in Sources */,
				9D54A16827955D6E00D55453 /* BlogListCell.swift in Sources */,
				9D84E98427969CE1003910B3 /* DKBlog.swift in Sources */,
				9D54A16627955D3000D55453 /* BlogList.swift in Sources */,
				9D84E9862796A25F003910B3 /* SearchBlogAPI.swift in Sources */,
				9D54A16A27955D7B00D55453 /* BlogListCellData.swift in Sources */,
				9DAF02D127A3C5F6000F46D2 /* BlogListViewModel.swift in Sources */,
				9D54A1622795510100D55453 /* SearchBar.swift in Sources */,
				9DA27FC0279153D900BD91C2 /* AppDelegate.swift in Sources */,
				9D54A164279559B800D55453 /* FilterView.swift in Sources */,
				9DAF02D527A3D5B6000F46D2 /* MainModel.swift in Sources */,
				9DA27FC2279153D900BD91C2 /* SceneDelegate.swift in Sources */,
				9DAF02CD27A3BF1D000F46D2 /* SearchBarViewModel.swift in Sources */,
				9D84E9892796A371003910B3 /* SearchBlogNetwork.swift in Sources */,
				9D54A1732795676300D55453 /* AlertActionConvertible.swift in Sources */,
				9DAF02D327A3C8DA000F46D2 /* MainViewModel.swift in Sources */,
			);
			runOnlyForDeploymentPostprocessing = 0;
		};
/* End PBXSourcesBuildPhase section */

/* Begin PBXVariantGroup section */
		9DA27FCA279153DB00BD91C2 /* LaunchScreen.storyboard */ = {
			isa = PBXVariantGroup;
			children = (
				9DA27FCB279153DB00BD91C2 /* Base */,
			);
			name = LaunchScreen.storyboard;
			sourceTree = "<group>";
		};
/* End PBXVariantGroup section */

/* Begin XCBuildConfiguration section */
		9DA27FCE279153DB00BD91C2 /* Debug */ = {
			isa = XCBuildConfiguration;
			buildSettings = {
				ALWAYS_SEARCH_USER_PATHS = NO;
				CLANG_ANALYZER_NONNULL = YES;
				CLANG_ANALYZER_NUMBER_OBJECT_CONVERSION = YES_AGGRESSIVE;
				CLANG_CXX_LANGUAGE_STANDARD = "gnu++17";
				CLANG_CXX_LIBRARY = "libc++";
				CLANG_ENABLE_MODULES = YES;
				CLANG_ENABLE_OBJC_ARC = YES;
				CLANG_ENABLE_OBJC_WEAK = YES;
				CLANG_WARN_BLOCK_CAPTURE_AUTORELEASING = YES;
				CLANG_WARN_BOOL_CONVERSION = YES;
				CLANG_WARN_COMMA = YES;
				CLANG_WARN_CONSTANT_CONVERSION = YES;
				CLANG_WARN_DEPRECATED_OBJC_IMPLEMENTATIONS = YES;
				CLANG_WARN_DIRECT_OBJC_ISA_USAGE = YES_ERROR;
				CLANG_WARN_DOCUMENTATION_COMMENTS = YES;
				CLANG_WARN_EMPTY_BODY = YES;
				CLANG_WARN_ENUM_CONVERSION = YES;
				CLANG_WARN_INFINITE_RECURSION = YES;
				CLANG_WARN_INT_CONVERSION = YES;
				CLANG_WARN_NON_LITERAL_NULL_CONVERSION = YES;
				CLANG_WARN_OBJC_IMPLICIT_RETAIN_SELF = YES;
				CLANG_WARN_OBJC_LITERAL_CONVERSION = YES;
				CLANG_WARN_OBJC_ROOT_CLASS = YES_ERROR;
				CLANG_WARN_QUOTED_INCLUDE_IN_FRAMEWORK_HEADER = YES;
				CLANG_WARN_RANGE_LOOP_ANALYSIS = YES;
				CLANG_WARN_STRICT_PROTOTYPES = YES;
				CLANG_WARN_SUSPICIOUS_MOVE = YES;
				CLANG_WARN_UNGUARDED_AVAILABILITY = YES_AGGRESSIVE;
				CLANG_WARN_UNREACHABLE_CODE = YES;
				CLANG_WARN__DUPLICATE_METHOD_MATCH = YES;
				COPY_PHASE_STRIP = NO;
				DEBUG_INFORMATION_FORMAT = dwarf;
				ENABLE_STRICT_OBJC_MSGSEND = YES;
				ENABLE_TESTABILITY = YES;
				GCC_C_LANGUAGE_STANDARD = gnu11;
				GCC_DYNAMIC_NO_PIC = NO;
				GCC_NO_COMMON_BLOCKS = YES;
				GCC_OPTIMIZATION_LEVEL = 0;
				GCC_PREPROCESSOR_DEFINITIONS = (
					"DEBUG=1",
					"$(inherited)",
				);
				GCC_WARN_64_TO_32_BIT_CONVERSION = YES;
				GCC_WARN_ABOUT_RETURN_TYPE = YES_ERROR;
				GCC_WARN_UNDECLARED_SELECTOR = YES;
				GCC_WARN_UNINITIALIZED_AUTOS = YES_AGGRESSIVE;
				GCC_WARN_UNUSED_FUNCTION = YES;
				GCC_WARN_UNUSED_VARIABLE = YES;
				IPHONEOS_DEPLOYMENT_TARGET = 15.2;
				MTL_ENABLE_DEBUG_INFO = INCLUDE_SOURCE;
				MTL_FAST_MATH = YES;
				ONLY_ACTIVE_ARCH = YES;
				SDKROOT = iphoneos;
				SWIFT_ACTIVE_COMPILATION_CONDITIONS = DEBUG;
				SWIFT_OPTIMIZATION_LEVEL = "-Onone";
			};
			name = Debug;
		};
		9DA27FCF279153DB00BD91C2 /* Release */ = {
			isa = XCBuildConfiguration;
			buildSettings = {
				ALWAYS_SEARCH_USER_PATHS = NO;
				CLANG_ANALYZER_NONNULL = YES;
				CLANG_ANALYZER_NUMBER_OBJECT_CONVERSION = YES_AGGRESSIVE;
				CLANG_CXX_LANGUAGE_STANDARD = "gnu++17";
				CLANG_CXX_LIBRARY = "libc++";
				CLANG_ENABLE_MODULES = YES;
				CLANG_ENABLE_OBJC_ARC = YES;
				CLANG_ENABLE_OBJC_WEAK = YES;
				CLANG_WARN_BLOCK_CAPTURE_AUTORELEASING = YES;
				CLANG_WARN_BOOL_CONVERSION = YES;
				CLANG_WARN_COMMA = YES;
				CLANG_WARN_CONSTANT_CONVERSION = YES;
				CLANG_WARN_DEPRECATED_OBJC_IMPLEMENTATIONS = YES;
				CLANG_WARN_DIRECT_OBJC_ISA_USAGE = YES_ERROR;
				CLANG_WARN_DOCUMENTATION_COMMENTS = YES;
				CLANG_WARN_EMPTY_BODY = YES;
				CLANG_WARN_ENUM_CONVERSION = YES;
				CLANG_WARN_INFINITE_RECURSION = YES;
				CLANG_WARN_INT_CONVERSION = YES;
				CLANG_WARN_NON_LITERAL_NULL_CONVERSION = YES;
				CLANG_WARN_OBJC_IMPLICIT_RETAIN_SELF = YES;
				CLANG_WARN_OBJC_LITERAL_CONVERSION = YES;
				CLANG_WARN_OBJC_ROOT_CLASS = YES_ERROR;
				CLANG_WARN_QUOTED_INCLUDE_IN_FRAMEWORK_HEADER = YES;
				CLANG_WARN_RANGE_LOOP_ANALYSIS = YES;
				CLANG_WARN_STRICT_PROTOTYPES = YES;
				CLANG_WARN_SUSPICIOUS_MOVE = YES;
				CLANG_WARN_UNGUARDED_AVAILABILITY = YES_AGGRESSIVE;
				CLANG_WARN_UNREACHABLE_CODE = YES;
				CLANG_WARN__DUPLICATE_METHOD_MATCH = YES;
				COPY_PHASE_STRIP = NO;
				DEBUG_INFORMATION_FORMAT = "dwarf-with-dsym";
				ENABLE_NS_ASSERTIONS = NO;
				ENABLE_STRICT_OBJC_MSGSEND = YES;
				GCC_C_LANGUAGE_STANDARD = gnu11;
				GCC_NO_COMMON_BLOCKS = YES;
				GCC_WARN_64_TO_32_BIT_CONVERSION = YES;
				GCC_WARN_ABOUT_RETURN_TYPE = YES_ERROR;
				GCC_WARN_UNDECLARED_SELECTOR = YES;
				GCC_WARN_UNINITIALIZED_AUTOS = YES_AGGRESSIVE;
				GCC_WARN_UNUSED_FUNCTION = YES;
				GCC_WARN_UNUSED_VARIABLE = YES;
				IPHONEOS_DEPLOYMENT_TARGET = 15.2;
				MTL_ENABLE_DEBUG_INFO = NO;
				MTL_FAST_MATH = YES;
				SDKROOT = iphoneos;
				SWIFT_COMPILATION_MODE = wholemodule;
				SWIFT_OPTIMIZATION_LEVEL = "-O";
				VALIDATE_PRODUCT = YES;
			};
			name = Release;
		};
		9DA27FD1279153DB00BD91C2 /* Debug */ = {
			isa = XCBuildConfiguration;
			baseConfigurationReference = 5E00866717E63BDEEA00F718 /* Pods-SearchDaumBlog.debug.xcconfig */;
			buildSettings = {
				ASSETCATALOG_COMPILER_APPICON_NAME = AppIcon;
				ASSETCATALOG_COMPILER_GLOBAL_ACCENT_COLOR_NAME = AccentColor;
				CODE_SIGN_STYLE = Automatic;
				CURRENT_PROJECT_VERSION = 1;
				GENERATE_INFOPLIST_FILE = YES;
				INFOPLIST_FILE = SearchDaumBlog/Info.plist;
				INFOPLIST_KEY_UIApplicationSupportsIndirectInputEvents = YES;
				INFOPLIST_KEY_UILaunchStoryboardName = LaunchScreen;
				INFOPLIST_KEY_UISupportedInterfaceOrientations_iPad = "UIInterfaceOrientationPortrait UIInterfaceOrientationPortraitUpsideDown UIInterfaceOrientationLandscapeLeft UIInterfaceOrientationLandscapeRight";
				INFOPLIST_KEY_UISupportedInterfaceOrientations_iPhone = "UIInterfaceOrientationPortrait UIInterfaceOrientationLandscapeLeft UIInterfaceOrientationLandscapeRight";
				LD_RUNPATH_SEARCH_PATHS = (
					"$(inherited)",
					"@executable_path/Frameworks",
				);
				MARKETING_VERSION = 1.0;
				PRODUCT_BUNDLE_IDENTIFIER = com.SearchDaumBlog;
				PRODUCT_NAME = "$(TARGET_NAME)";
				SWIFT_EMIT_LOC_STRINGS = YES;
				SWIFT_VERSION = 5.0;
				TARGETED_DEVICE_FAMILY = "1,2";
			};
			name = Debug;
		};
		9DA27FD2279153DB00BD91C2 /* Release */ = {
			isa = XCBuildConfiguration;
			baseConfigurationReference = F6DF5E3FA1AC3EFF23157FDC /* Pods-SearchDaumBlog.release.xcconfig */;
			buildSettings = {
				ASSETCATALOG_COMPILER_APPICON_NAME = AppIcon;
				ASSETCATALOG_COMPILER_GLOBAL_ACCENT_COLOR_NAME = AccentColor;
				CODE_SIGN_STYLE = Automatic;
				CURRENT_PROJECT_VERSION = 1;
				GENERATE_INFOPLIST_FILE = YES;
				INFOPLIST_FILE = SearchDaumBlog/Info.plist;
				INFOPLIST_KEY_UIApplicationSupportsIndirectInputEvents = YES;
				INFOPLIST_KEY_UILaunchStoryboardName = LaunchScreen;
				INFOPLIST_KEY_UISupportedInterfaceOrientations_iPad = "UIInterfaceOrientationPortrait UIInterfaceOrientationPortraitUpsideDown UIInterfaceOrientationLandscapeLeft UIInterfaceOrientationLandscapeRight";
				INFOPLIST_KEY_UISupportedInterfaceOrientations_iPhone = "UIInterfaceOrientationPortrait UIInterfaceOrientationLandscapeLeft UIInterfaceOrientationLandscapeRight";
				LD_RUNPATH_SEARCH_PATHS = (
					"$(inherited)",
					"@executable_path/Frameworks",
				);
				MARKETING_VERSION = 1.0;
				PRODUCT_BUNDLE_IDENTIFIER = com.SearchDaumBlog;
				PRODUCT_NAME = "$(TARGET_NAME)";
				SWIFT_EMIT_LOC_STRINGS = YES;
				SWIFT_VERSION = 5.0;
				TARGETED_DEVICE_FAMILY = "1,2";
			};
			name = Release;
		};
/* End XCBuildConfiguration section */

/* Begin XCConfigurationList section */
		9DA27FB7279153D900BD91C2 /* Build configuration list for PBXProject "SearchDaumBlog" */ = {
			isa = XCConfigurationList;
			buildConfigurations = (
				9DA27FCE279153DB00BD91C2 /* Debug */,
				9DA27FCF279153DB00BD91C2 /* Release */,
			);
			defaultConfigurationIsVisible = 0;
			defaultConfigurationName = Release;
		};
		9DA27FD0279153DB00BD91C2 /* Build configuration list for PBXNativeTarget "SearchDaumBlog" */ = {
			isa = XCConfigurationList;
			buildConfigurations = (
				9DA27FD1279153DB00BD91C2 /* Debug */,
				9DA27FD2279153DB00BD91C2 /* Release */,
			);
			defaultConfigurationIsVisible = 0;
			defaultConfigurationName = Release;
		};
/* End XCConfigurationList section */

/* Begin XCRemoteSwiftPackageReference section */
		9DA27FD4279154BE00BD91C2 /* XCRemoteSwiftPackageReference "SnapKit" */ = {
			isa = XCRemoteSwiftPackageReference;
			repositoryURL = "https://github.com/SnapKit/SnapKit.git";
			requirement = {
				kind = upToNextMajorVersion;
				minimumVersion = 5.0.1;
			};
		};
		9DA27FD82791B02600BD91C2 /* XCRemoteSwiftPackageReference "Kingfisher" */ = {
			isa = XCRemoteSwiftPackageReference;
			repositoryURL = "https://github.com/onevcat/Kingfisher.git";
			requirement = {
				kind = upToNextMajorVersion;
				minimumVersion = 7.0.0;
			};
		};
/* End XCRemoteSwiftPackageReference section */

/* Begin XCSwiftPackageProductDependency section */
		9DA27FD5279154BE00BD91C2 /* SnapKit */ = {
			isa = XCSwiftPackageProductDependency;
			package = 9DA27FD4279154BE00BD91C2 /* XCRemoteSwiftPackageReference "SnapKit" */;
			productName = SnapKit;
		};
		9DA27FD92791B02600BD91C2 /* Kingfisher */ = {
			isa = XCSwiftPackageProductDependency;
			package = 9DA27FD82791B02600BD91C2 /* XCRemoteSwiftPackageReference "Kingfisher" */;
			productName = Kingfisher;
		};
/* End XCSwiftPackageProductDependency section */
	};
	rootObject = 9DA27FB4279153D900BD91C2 /* Project object */;
}
