// !$*UTF8*$!
{
	archiveVersion = 1;
	classes = {
	};
	objectVersion = 55;
	objects = {

/* Begin PBXBuildFile section */
		742232A8495FA3D644CA7DD7 /* Pods_UsedGoodsUpload.framework in Frameworks */ = {isa = PBXBuildFile; fileRef = 76F344FE1F189D602A1E94F7 /* Pods_UsedGoodsUpload.framework */; };
		9DAF02E327A700B9000F46D2 /* AppDelegate.swift in Sources */ = {isa = PBXBuildFile; fileRef = 9DAF02E227A700B9000F46D2 /* AppDelegate.swift */; };
		9DAF02E527A700B9000F46D2 /* SceneDelegate.swift in Sources */ = {isa = PBXBuildFile; fileRef = 9DAF02E427A700B9000F46D2 /* SceneDelegate.swift */; };
		9DAF02EC27A700BE000F46D2 /* Assets.xcassets in Resources */ = {isa = PBXBuildFile; fileRef = 9DAF02EB27A700BE000F46D2 /* Assets.xcassets */; };
		9DAF02EF27A700BE000F46D2 /* LaunchScreen.storyboard in Resources */ = {isa = PBXBuildFile; fileRef = 9DAF02ED27A700BE000F46D2 /* LaunchScreen.storyboard */; };
		9DDAC26827AA622100435AF1 /* TitleTextFieldCell.swift in Sources */ = {isa = PBXBuildFile; fileRef = 9DDAC26727AA60DE00435AF1 /* TitleTextFieldCell.swift */; };
		9DDAC26927AA636B00435AF1 /* MainViewController.swift in Sources */ = {isa = PBXBuildFile; fileRef = 9DDAC25F27AA60B200435AF1 /* MainViewController.swift */; };
		9DDAC26A27AA636B00435AF1 /* MainViewModel.swift in Sources */ = {isa = PBXBuildFile; fileRef = 9DDAC26027AA60B200435AF1 /* MainViewModel.swift */; };
		9DDAC26B27AA636F00435AF1 /* TitleTextFieldCellViewModel.swift in Sources */ = {isa = PBXBuildFile; fileRef = 9DDAC26627AA60DE00435AF1 /* TitleTextFieldCellViewModel.swift */; };
		9DDAC26F27ABBE7A00435AF1 /* Category.swift in Sources */ = {isa = PBXBuildFile; fileRef = 9DDAC26E27ABBE7A00435AF1 /* Category.swift */; };
		9DDAC27527ABBEEF00435AF1 /* CategoryViewModel.swift in Sources */ = {isa = PBXBuildFile; fileRef = 9DDAC27427ABBED200435AF1 /* CategoryViewModel.swift */; };
		9DDAC27727ABC6C300435AF1 /* CategoryListViewController.swift in Sources */ = {isa = PBXBuildFile; fileRef = 9DDAC27627ABC6C300435AF1 /* CategoryListViewController.swift */; };
/* End PBXBuildFile section */

/* Begin PBXFileReference section */
		76F344FE1F189D602A1E94F7 /* Pods_UsedGoodsUpload.framework */ = {isa = PBXFileReference; explicitFileType = wrapper.framework; includeInIndex = 0; path = Pods_UsedGoodsUpload.framework; sourceTree = BUILT_PRODUCTS_DIR; };
		9489E706902E71A61931F035 /* Pods-UsedGoodsUpload.debug.xcconfig */ = {isa = PBXFileReference; includeInIndex = 1; lastKnownFileType = text.xcconfig; name = "Pods-UsedGoodsUpload.debug.xcconfig"; path = "Target Support Files/Pods-UsedGoodsUpload/Pods-UsedGoodsUpload.debug.xcconfig"; sourceTree = "<group>"; };
		9DAF02DF27A700B9000F46D2 /* UsedGoodsUpload.app */ = {isa = PBXFileReference; explicitFileType = wrapper.application; includeInIndex = 0; path = UsedGoodsUpload.app; sourceTree = BUILT_PRODUCTS_DIR; };
		9DAF02E227A700B9000F46D2 /* AppDelegate.swift */ = {isa = PBXFileReference; lastKnownFileType = sourcecode.swift; path = AppDelegate.swift; sourceTree = "<group>"; };
		9DAF02E427A700B9000F46D2 /* SceneDelegate.swift */ = {isa = PBXFileReference; lastKnownFileType = sourcecode.swift; path = SceneDelegate.swift; sourceTree = "<group>"; };
		9DAF02EB27A700BE000F46D2 /* Assets.xcassets */ = {isa = PBXFileReference; lastKnownFileType = folder.assetcatalog; path = Assets.xcassets; sourceTree = "<group>"; };
		9DAF02EE27A700BE000F46D2 /* Base */ = {isa = PBXFileReference; lastKnownFileType = file.storyboard; name = Base; path = Base.lproj/LaunchScreen.storyboard; sourceTree = "<group>"; };
		9DAF02F027A700BE000F46D2 /* Info.plist */ = {isa = PBXFileReference; lastKnownFileType = text.plist.xml; path = Info.plist; sourceTree = "<group>"; };
		9DDAC25F27AA60B200435AF1 /* MainViewController.swift */ = {isa = PBXFileReference; lastKnownFileType = sourcecode.swift; path = MainViewController.swift; sourceTree = "<group>"; };
		9DDAC26027AA60B200435AF1 /* MainViewModel.swift */ = {isa = PBXFileReference; lastKnownFileType = sourcecode.swift; path = MainViewModel.swift; sourceTree = "<group>"; };
		9DDAC26627AA60DE00435AF1 /* TitleTextFieldCellViewModel.swift */ = {isa = PBXFileReference; lastKnownFileType = sourcecode.swift; path = TitleTextFieldCellViewModel.swift; sourceTree = "<group>"; };
		9DDAC26727AA60DE00435AF1 /* TitleTextFieldCell.swift */ = {isa = PBXFileReference; lastKnownFileType = sourcecode.swift; path = TitleTextFieldCell.swift; sourceTree = "<group>"; };
		9DDAC26E27ABBE7A00435AF1 /* Category.swift */ = {isa = PBXFileReference; lastKnownFileType = sourcecode.swift; path = Category.swift; sourceTree = "<group>"; };
		9DDAC27427ABBED200435AF1 /* CategoryViewModel.swift */ = {isa = PBXFileReference; lastKnownFileType = sourcecode.swift; path = CategoryViewModel.swift; sourceTree = "<group>"; };
		9DDAC27627ABC6C300435AF1 /* CategoryListViewController.swift */ = {isa = PBXFileReference; lastKnownFileType = sourcecode.swift; name = CategoryListViewController.swift; path = ../../../../../../../CategoryListViewController.swift; sourceTree = "<group>"; };
		EA90BBA9754A59FFEFB4FEB8 /* Pods-UsedGoodsUpload.release.xcconfig */ = {isa = PBXFileReference; includeInIndex = 1; lastKnownFileType = text.xcconfig; name = "Pods-UsedGoodsUpload.release.xcconfig"; path = "Target Support Files/Pods-UsedGoodsUpload/Pods-UsedGoodsUpload.release.xcconfig"; sourceTree = "<group>"; };
/* End PBXFileReference section */

/* Begin PBXFrameworksBuildPhase section */
		9DAF02DC27A700B9000F46D2 /* Frameworks */ = {
			isa = PBXFrameworksBuildPhase;
			buildActionMask = 2147483647;
			files = (
				742232A8495FA3D644CA7DD7 /* Pods_UsedGoodsUpload.framework in Frameworks */,
			);
			runOnlyForDeploymentPostprocessing = 0;
		};
/* End PBXFrameworksBuildPhase section */

/* Begin PBXGroup section */
		9DAF02D627A700B9000F46D2 = {
			isa = PBXGroup;
			children = (
				9DAF02E127A700B9000F46D2 /* UsedGoodsUpload */,
				9DAF02E027A700B9000F46D2 /* Products */,
				B1511A0B98985A4547B9F693 /* Pods */,
				BD29DFAB41577D5A11617367 /* Frameworks */,
			);
			sourceTree = "<group>";
		};
		9DAF02E027A700B9000F46D2 /* Products */ = {
			isa = PBXGroup;
			children = (
				9DAF02DF27A700B9000F46D2 /* UsedGoodsUpload.app */,
			);
			name = Products;
			sourceTree = "<group>";
		};
		9DAF02E127A700B9000F46D2 /* UsedGoodsUpload */ = {
			isa = PBXGroup;
			children = (
				9DAF02E227A700B9000F46D2 /* AppDelegate.swift */,
				9DAF02E427A700B9000F46D2 /* SceneDelegate.swift */,
				9DDAC27027ABBE8600435AF1 /* Entity */,
				9DDAC27127ABBEB100435AF1 /* Presentation */,
				9DAF02EB27A700BE000F46D2 /* Assets.xcassets */,
				9DAF02ED27A700BE000F46D2 /* LaunchScreen.storyboard */,
				9DAF02F027A700BE000F46D2 /* Info.plist */,
			);
			path = UsedGoodsUpload;
			sourceTree = "<group>";
		};
		9DDAC25E27AA60B200435AF1 /* MainViewController */ = {
			isa = PBXGroup;
			children = (
				9DDAC25F27AA60B200435AF1 /* MainViewController.swift */,
				9DDAC26027AA60B200435AF1 /* MainViewModel.swift */,
				9DDAC26527AA60DE00435AF1 /* TitleTextFieldCell */,
				9DDAC27427ABBED200435AF1 /* CategoryViewModel.swift */,
				9DDAC27627ABC6C300435AF1 /* CategoryListViewController.swift */,
			);
			path = MainViewController;
			sourceTree = "<group>";
		};
		9DDAC26527AA60DE00435AF1 /* TitleTextFieldCell */ = {
			isa = PBXGroup;
			children = (
				9DDAC26727AA60DE00435AF1 /* TitleTextFieldCell.swift */,
				9DDAC26627AA60DE00435AF1 /* TitleTextFieldCellViewModel.swift */,
			);
			path = TitleTextFieldCell;
			sourceTree = "<group>";
		};
		9DDAC27027ABBE8600435AF1 /* Entity */ = {
			isa = PBXGroup;
			children = (
				9DDAC26E27ABBE7A00435AF1 /* Category.swift */,
			);
			path = Entity;
			sourceTree = "<group>";
		};
		9DDAC27127ABBEB100435AF1 /* Presentation */ = {
			isa = PBXGroup;
			children = (
				9DDAC25E27AA60B200435AF1 /* MainViewController */,
			);
			path = Presentation;
			sourceTree = "<group>";
		};
		B1511A0B98985A4547B9F693 /* Pods */ = {
			isa = PBXGroup;
			children = (
				9489E706902E71A61931F035 /* Pods-UsedGoodsUpload.debug.xcconfig */,
				EA90BBA9754A59FFEFB4FEB8 /* Pods-UsedGoodsUpload.release.xcconfig */,
			);
			path = Pods;
			sourceTree = "<group>";
		};
		BD29DFAB41577D5A11617367 /* Frameworks */ = {
			isa = PBXGroup;
			children = (
				76F344FE1F189D602A1E94F7 /* Pods_UsedGoodsUpload.framework */,
			);
			name = Frameworks;
			sourceTree = "<group>";
		};
/* End PBXGroup section */

/* Begin PBXNativeTarget section */
		9DAF02DE27A700B9000F46D2 /* UsedGoodsUpload */ = {
			isa = PBXNativeTarget;
			buildConfigurationList = 9DAF02F327A700BE000F46D2 /* Build configuration list for PBXNativeTarget "UsedGoodsUpload" */;
			buildPhases = (
				89AB7B9AE14EEDD53820846C /* [CP] Check Pods Manifest.lock */,
				9DAF02DB27A700B9000F46D2 /* Sources */,
				9DAF02DC27A700B9000F46D2 /* Frameworks */,
				9DAF02DD27A700B9000F46D2 /* Resources */,
				3183ED27C9847827DA4C4EDF /* [CP] Embed Pods Frameworks */,
			);
			buildRules = (
			);
			dependencies = (
			);
			name = UsedGoodsUpload;
			productName = UsedGoodsUpload;
			productReference = 9DAF02DF27A700B9000F46D2 /* UsedGoodsUpload.app */;
			productType = "com.apple.product-type.application";
		};
/* End PBXNativeTarget section */

/* Begin PBXProject section */
		9DAF02D727A700B9000F46D2 /* Project object */ = {
			isa = PBXProject;
			attributes = {
				BuildIndependentTargetsInParallel = 1;
				LastSwiftUpdateCheck = 1320;
				LastUpgradeCheck = 1320;
				TargetAttributes = {
					9DAF02DE27A700B9000F46D2 = {
						CreatedOnToolsVersion = 13.2.1;
					};
				};
			};
			buildConfigurationList = 9DAF02DA27A700B9000F46D2 /* Build configuration list for PBXProject "UsedGoodsUpload" */;
			compatibilityVersion = "Xcode 13.0";
			developmentRegion = en;
			hasScannedForEncodings = 0;
			knownRegions = (
				en,
				Base,
			);
			mainGroup = 9DAF02D627A700B9000F46D2;
			productRefGroup = 9DAF02E027A700B9000F46D2 /* Products */;
			projectDirPath = "";
			projectRoot = "";
			targets = (
				9DAF02DE27A700B9000F46D2 /* UsedGoodsUpload */,
			);
		};
/* End PBXProject section */

/* Begin PBXResourcesBuildPhase section */
		9DAF02DD27A700B9000F46D2 /* Resources */ = {
			isa = PBXResourcesBuildPhase;
			buildActionMask = 2147483647;
			files = (
				9DAF02EF27A700BE000F46D2 /* LaunchScreen.storyboard in Resources */,
				9DAF02EC27A700BE000F46D2 /* Assets.xcassets in Resources */,
			);
			runOnlyForDeploymentPostprocessing = 0;
		};
/* End PBXResourcesBuildPhase section */

/* Begin PBXShellScriptBuildPhase section */
		3183ED27C9847827DA4C4EDF /* [CP] Embed Pods Frameworks */ = {
			isa = PBXShellScriptBuildPhase;
			buildActionMask = 2147483647;
			files = (
			);
			inputFileListPaths = (
				"${PODS_ROOT}/Target Support Files/Pods-UsedGoodsUpload/Pods-UsedGoodsUpload-frameworks-${CONFIGURATION}-input-files.xcfilelist",
			);
			name = "[CP] Embed Pods Frameworks";
			outputFileListPaths = (
				"${PODS_ROOT}/Target Support Files/Pods-UsedGoodsUpload/Pods-UsedGoodsUpload-frameworks-${CONFIGURATION}-output-files.xcfilelist",
			);
			runOnlyForDeploymentPostprocessing = 0;
			shellPath = /bin/sh;
			shellScript = "\"${PODS_ROOT}/Target Support Files/Pods-UsedGoodsUpload/Pods-UsedGoodsUpload-frameworks.sh\"\n";
			showEnvVarsInLog = 0;
		};
		89AB7B9AE14EEDD53820846C /* [CP] Check Pods Manifest.lock */ = {
			isa = PBXShellScriptBuildPhase;
			buildActionMask = 2147483647;
			files = (
			);
			inputFileListPaths = (
			);
			inputPaths = (
				"${PODS_PODFILE_DIR_PATH}/Podfile.lock",
				"${PODS_ROOT}/Manifest.lock",
			);
			name = "[CP] Check Pods Manifest.lock";
			outputFileListPaths = (
			);
			outputPaths = (
				"$(DERIVED_FILE_DIR)/Pods-UsedGoodsUpload-checkManifestLockResult.txt",
			);
			runOnlyForDeploymentPostprocessing = 0;
			shellPath = /bin/sh;
			shellScript = "diff \"${PODS_PODFILE_DIR_PATH}/Podfile.lock\" \"${PODS_ROOT}/Manifest.lock\" > /dev/null\nif [ $? != 0 ] ; then\n    # print error to STDERR\n    echo \"error: The sandbox is not in sync with the Podfile.lock. Run 'pod install' or update your CocoaPods installation.\" >&2\n    exit 1\nfi\n# This output is used by Xcode 'outputs' to avoid re-running this script phase.\necho \"SUCCESS\" > \"${SCRIPT_OUTPUT_FILE_0}\"\n";
			showEnvVarsInLog = 0;
		};
/* End PBXShellScriptBuildPhase section */

/* Begin PBXSourcesBuildPhase section */
		9DAF02DB27A700B9000F46D2 /* Sources */ = {
			isa = PBXSourcesBuildPhase;
			buildActionMask = 2147483647;
			files = (
				9DDAC26A27AA636B00435AF1 /* MainViewModel.swift in Sources */,
				9DDAC26B27AA636F00435AF1 /* TitleTextFieldCellViewModel.swift in Sources */,
				9DDAC27727ABC6C300435AF1 /* CategoryListViewController.swift in Sources */,
				9DAF02E327A700B9000F46D2 /* AppDelegate.swift in Sources */,
				9DDAC26827AA622100435AF1 /* TitleTextFieldCell.swift in Sources */,
				9DDAC27527ABBEEF00435AF1 /* CategoryViewModel.swift in Sources */,
				9DAF02E527A700B9000F46D2 /* SceneDelegate.swift in Sources */,
				9DDAC26927AA636B00435AF1 /* MainViewController.swift in Sources */,
				9DDAC26F27ABBE7A00435AF1 /* Category.swift in Sources */,
			);
			runOnlyForDeploymentPostprocessing = 0;
		};
/* End PBXSourcesBuildPhase section */

/* Begin PBXVariantGroup section */
		9DAF02ED27A700BE000F46D2 /* LaunchScreen.storyboard */ = {
			isa = PBXVariantGroup;
			children = (
				9DAF02EE27A700BE000F46D2 /* Base */,
			);
			name = LaunchScreen.storyboard;
			sourceTree = "<group>";
		};
/* End PBXVariantGroup section */

/* Begin XCBuildConfiguration section */
		9DAF02F127A700BE000F46D2 /* Debug */ = {
			isa = XCBuildConfiguration;
			buildSettings = {
				ALWAYS_SEARCH_USER_PATHS = NO;
				CLANG_ANALYZER_NONNULL = YES;
				CLANG_ANALYZER_NUMBER_OBJECT_CONVERSION = YES_AGGRESSIVE;
				CLANG_CXX_LANGUAGE_STANDARD = "gnu++17";
				CLANG_CXX_LIBRARY = "libc++";
				CLANG_ENABLE_MODULES = YES;
				CLANG_ENABLE_OBJC_ARC = YES;
				CLANG_ENABLE_OBJC_WEAK = YES;
				CLANG_WARN_BLOCK_CAPTURE_AUTORELEASING = YES;
				CLANG_WARN_BOOL_CONVERSION = YES;
				CLANG_WARN_COMMA = YES;
				CLANG_WARN_CONSTANT_CONVERSION = YES;
				CLANG_WARN_DEPRECATED_OBJC_IMPLEMENTATIONS = YES;
				CLANG_WARN_DIRECT_OBJC_ISA_USAGE = YES_ERROR;
				CLANG_WARN_DOCUMENTATION_COMMENTS = YES;
				CLANG_WARN_EMPTY_BODY = YES;
				CLANG_WARN_ENUM_CONVERSION = YES;
				CLANG_WARN_INFINITE_RECURSION = YES;
				CLANG_WARN_INT_CONVERSION = YES;
				CLANG_WARN_NON_LITERAL_NULL_CONVERSION = YES;
				CLANG_WARN_OBJC_IMPLICIT_RETAIN_SELF = YES;
				CLANG_WARN_OBJC_LITERAL_CONVERSION = YES;
				CLANG_WARN_OBJC_ROOT_CLASS = YES_ERROR;
				CLANG_WARN_QUOTED_INCLUDE_IN_FRAMEWORK_HEADER = YES;
				CLANG_WARN_RANGE_LOOP_ANALYSIS = YES;
				CLANG_WARN_STRICT_PROTOTYPES = YES;
				CLANG_WARN_SUSPICIOUS_MOVE = YES;
				CLANG_WARN_UNGUARDED_AVAILABILITY = YES_AGGRESSIVE;
				CLANG_WARN_UNREACHABLE_CODE = YES;
				CLANG_WARN__DUPLICATE_METHOD_MATCH = YES;
				COPY_PHASE_STRIP = NO;
				DEBUG_INFORMATION_FORMAT = dwarf;
				ENABLE_STRICT_OBJC_MSGSEND = YES;
				ENABLE_TESTABILITY = YES;
				GCC_C_LANGUAGE_STANDARD = gnu11;
				GCC_DYNAMIC_NO_PIC = NO;
				GCC_NO_COMMON_BLOCKS = YES;
				GCC_OPTIMIZATION_LEVEL = 0;
				GCC_PREPROCESSOR_DEFINITIONS = (
					"DEBUG=1",
					"$(inherited)",
				);
				GCC_WARN_64_TO_32_BIT_CONVERSION = YES;
				GCC_WARN_ABOUT_RETURN_TYPE = YES_ERROR;
				GCC_WARN_UNDECLARED_SELECTOR = YES;
				GCC_WARN_UNINITIALIZED_AUTOS = YES_AGGRESSIVE;
				GCC_WARN_UNUSED_FUNCTION = YES;
				GCC_WARN_UNUSED_VARIABLE = YES;
				IPHONEOS_DEPLOYMENT_TARGET = 15.2;
				MTL_ENABLE_DEBUG_INFO = INCLUDE_SOURCE;
				MTL_FAST_MATH = YES;
				ONLY_ACTIVE_ARCH = YES;
				SDKROOT = iphoneos;
				SWIFT_ACTIVE_COMPILATION_CONDITIONS = DEBUG;
				SWIFT_OPTIMIZATION_LEVEL = "-Onone";
			};
			name = Debug;
		};
		9DAF02F227A700BE000F46D2 /* Release */ = {
			isa = XCBuildConfiguration;
			buildSettings = {
				ALWAYS_SEARCH_USER_PATHS = NO;
				CLANG_ANALYZER_NONNULL = YES;
				CLANG_ANALYZER_NUMBER_OBJECT_CONVERSION = YES_AGGRESSIVE;
				CLANG_CXX_LANGUAGE_STANDARD = "gnu++17";
				CLANG_CXX_LIBRARY = "libc++";
				CLANG_ENABLE_MODULES = YES;
				CLANG_ENABLE_OBJC_ARC = YES;
				CLANG_ENABLE_OBJC_WEAK = YES;
				CLANG_WARN_BLOCK_CAPTURE_AUTORELEASING = YES;
				CLANG_WARN_BOOL_CONVERSION = YES;
				CLANG_WARN_COMMA = YES;
				CLANG_WARN_CONSTANT_CONVERSION = YES;
				CLANG_WARN_DEPRECATED_OBJC_IMPLEMENTATIONS = YES;
				CLANG_WARN_DIRECT_OBJC_ISA_USAGE = YES_ERROR;
				CLANG_WARN_DOCUMENTATION_COMMENTS = YES;
				CLANG_WARN_EMPTY_BODY = YES;
				CLANG_WARN_ENUM_CONVERSION = YES;
				CLANG_WARN_INFINITE_RECURSION = YES;
				CLANG_WARN_INT_CONVERSION = YES;
				CLANG_WARN_NON_LITERAL_NULL_CONVERSION = YES;
				CLANG_WARN_OBJC_IMPLICIT_RETAIN_SELF = YES;
				CLANG_WARN_OBJC_LITERAL_CONVERSION = YES;
				CLANG_WARN_OBJC_ROOT_CLASS = YES_ERROR;
				CLANG_WARN_QUOTED_INCLUDE_IN_FRAMEWORK_HEADER = YES;
				CLANG_WARN_RANGE_LOOP_ANALYSIS = YES;
				CLANG_WARN_STRICT_PROTOTYPES = YES;
				CLANG_WARN_SUSPICIOUS_MOVE = YES;
				CLANG_WARN_UNGUARDED_AVAILABILITY = YES_AGGRESSIVE;
				CLANG_WARN_UNREACHABLE_CODE = YES;
				CLANG_WARN__DUPLICATE_METHOD_MATCH = YES;
				COPY_PHASE_STRIP = NO;
				DEBUG_INFORMATION_FORMAT = "dwarf-with-dsym";
				ENABLE_NS_ASSERTIONS = NO;
				ENABLE_STRICT_OBJC_MSGSEND = YES;
				GCC_C_LANGUAGE_STANDARD = gnu11;
				GCC_NO_COMMON_BLOCKS = YES;
				GCC_WARN_64_TO_32_BIT_CONVERSION = YES;
				GCC_WARN_ABOUT_RETURN_TYPE = YES_ERROR;
				GCC_WARN_UNDECLARED_SELECTOR = YES;
				GCC_WARN_UNINITIALIZED_AUTOS = YES_AGGRESSIVE;
				GCC_WARN_UNUSED_FUNCTION = YES;
				GCC_WARN_UNUSED_VARIABLE = YES;
				IPHONEOS_DEPLOYMENT_TARGET = 15.2;
				MTL_ENABLE_DEBUG_INFO = NO;
				MTL_FAST_MATH = YES;
				SDKROOT = iphoneos;
				SWIFT_COMPILATION_MODE = wholemodule;
				SWIFT_OPTIMIZATION_LEVEL = "-O";
				VALIDATE_PRODUCT = YES;
			};
			name = Release;
		};
		9DAF02F427A700BE000F46D2 /* Debug */ = {
			isa = XCBuildConfiguration;
			baseConfigurationReference = 9489E706902E71A61931F035 /* Pods-UsedGoodsUpload.debug.xcconfig */;
			buildSettings = {
				ASSETCATALOG_COMPILER_APPICON_NAME = AppIcon;
				ASSETCATALOG_COMPILER_GLOBAL_ACCENT_COLOR_NAME = AccentColor;
				CODE_SIGN_STYLE = Automatic;
				CURRENT_PROJECT_VERSION = 1;
				GENERATE_INFOPLIST_FILE = YES;
				INFOPLIST_FILE = UsedGoodsUpload/Info.plist;
				INFOPLIST_KEY_UIApplicationSupportsIndirectInputEvents = YES;
				INFOPLIST_KEY_UILaunchStoryboardName = LaunchScreen;
				INFOPLIST_KEY_UISupportedInterfaceOrientations_iPad = "UIInterfaceOrientationPortrait UIInterfaceOrientationPortraitUpsideDown UIInterfaceOrientationLandscapeLeft UIInterfaceOrientationLandscapeRight";
				INFOPLIST_KEY_UISupportedInterfaceOrientations_iPhone = "UIInterfaceOrientationPortrait UIInterfaceOrientationLandscapeLeft UIInterfaceOrientationLandscapeRight";
				LD_RUNPATH_SEARCH_PATHS = (
					"$(inherited)",
					"@executable_path/Frameworks",
				);
				MARKETING_VERSION = 1.0;
				PRODUCT_BUNDLE_IDENTIFIER = com.UsedGoodsUpload;
				PRODUCT_NAME = "$(TARGET_NAME)";
				SWIFT_EMIT_LOC_STRINGS = YES;
				SWIFT_VERSION = 5.0;
				TARGETED_DEVICE_FAMILY = "1,2";
			};
			name = Debug;
		};
		9DAF02F527A700BE000F46D2 /* Release */ = {
			isa = XCBuildConfiguration;
			baseConfigurationReference = EA90BBA9754A59FFEFB4FEB8 /* Pods-UsedGoodsUpload.release.xcconfig */;
			buildSettings = {
				ASSETCATALOG_COMPILER_APPICON_NAME = AppIcon;
				ASSETCATALOG_COMPILER_GLOBAL_ACCENT_COLOR_NAME = AccentColor;
				CODE_SIGN_STYLE = Automatic;
				CURRENT_PROJECT_VERSION = 1;
				GENERATE_INFOPLIST_FILE = YES;
				INFOPLIST_FILE = UsedGoodsUpload/Info.plist;
				INFOPLIST_KEY_UIApplicationSupportsIndirectInputEvents = YES;
				INFOPLIST_KEY_UILaunchStoryboardName = LaunchScreen;
				INFOPLIST_KEY_UISupportedInterfaceOrientations_iPad = "UIInterfaceOrientationPortrait UIInterfaceOrientationPortraitUpsideDown UIInterfaceOrientationLandscapeLeft UIInterfaceOrientationLandscapeRight";
				INFOPLIST_KEY_UISupportedInterfaceOrientations_iPhone = "UIInterfaceOrientationPortrait UIInterfaceOrientationLandscapeLeft UIInterfaceOrientationLandscapeRight";
				LD_RUNPATH_SEARCH_PATHS = (
					"$(inherited)",
					"@executable_path/Frameworks",
				);
				MARKETING_VERSION = 1.0;
				PRODUCT_BUNDLE_IDENTIFIER = com.UsedGoodsUpload;
				PRODUCT_NAME = "$(TARGET_NAME)";
				SWIFT_EMIT_LOC_STRINGS = YES;
				SWIFT_VERSION = 5.0;
				TARGETED_DEVICE_FAMILY = "1,2";
			};
			name = Release;
		};
/* End XCBuildConfiguration section */

/* Begin XCConfigurationList section */
		9DAF02DA27A700B9000F46D2 /* Build configuration list for PBXProject "UsedGoodsUpload" */ = {
			isa = XCConfigurationList;
			buildConfigurations = (
				9DAF02F127A700BE000F46D2 /* Debug */,
				9DAF02F227A700BE000F46D2 /* Release */,
			);
			defaultConfigurationIsVisible = 0;
			defaultConfigurationName = Release;
		};
		9DAF02F327A700BE000F46D2 /* Build configuration list for PBXNativeTarget "UsedGoodsUpload" */ = {
			isa = XCConfigurationList;
			buildConfigurations = (
				9DAF02F427A700BE000F46D2 /* Debug */,
				9DAF02F527A700BE000F46D2 /* Release */,
			);
			defaultConfigurationIsVisible = 0;
			defaultConfigurationName = Release;
		};
/* End XCConfigurationList section */
	};
	rootObject = 9DAF02D727A700B9000F46D2 /* Project object */;
}
