// !$*UTF8*$!
{
	archiveVersion = 1;
	classes = {
	};
	objectVersion = 55;
	objects = {

/* Begin PBXBuildFile section */
		9D735739273E0347001B0CEB /* AppDelegate.swift in Sources */ = {isa = PBXBuildFile; fileRef = 9D735738273E0347001B0CEB /* AppDelegate.swift */; };
		9D73573B273E0347001B0CEB /* SceneDelegate.swift in Sources */ = {isa = PBXBuildFile; fileRef = 9D73573A273E0347001B0CEB /* SceneDelegate.swift */; };
		9D73573D273E0347001B0CEB /* StationSearchViewController.swift in Sources */ = {isa = PBXBuildFile; fileRef = 9D73573C273E0347001B0CEB /* StationSearchViewController.swift */; };
		9D735742273E034F001B0CEB /* Assets.xcassets in Resources */ = {isa = PBXBuildFile; fileRef = 9D735741273E034F001B0CEB /* Assets.xcassets */; };
		9D735745273E034F001B0CEB /* LaunchScreen.storyboard in Resources */ = {isa = PBXBuildFile; fileRef = 9D735743273E034F001B0CEB /* LaunchScreen.storyboard */; };
		9D73574E273E05E8001B0CEB /* SnapKit in Frameworks */ = {isa = PBXBuildFile; productRef = 9D73574D273E05E8001B0CEB /* SnapKit */; };
		9D735751273E0603001B0CEB /* Alamofire in Frameworks */ = {isa = PBXBuildFile; productRef = 9D735750273E0603001B0CEB /* Alamofire */; };
		9D7357532743D2A4001B0CEB /* StationDetailViewController.swift in Sources */ = {isa = PBXBuildFile; fileRef = 9D7357522743D2A3001B0CEB /* StationDetailViewController.swift */; };
		9D7357552743DBE3001B0CEB /* StationDetailCollectionViewCell.swift in Sources */ = {isa = PBXBuildFile; fileRef = 9D7357542743DBE2001B0CEB /* StationDetailCollectionViewCell.swift */; };
/* End PBXBuildFile section */

/* Begin PBXFileReference section */
		9D735735273E0347001B0CEB /* SubwayStation.app */ = {isa = PBXFileReference; explicitFileType = wrapper.application; includeInIndex = 0; path = SubwayStation.app; sourceTree = BUILT_PRODUCTS_DIR; };
		9D735738273E0347001B0CEB /* AppDelegate.swift */ = {isa = PBXFileReference; lastKnownFileType = sourcecode.swift; path = AppDelegate.swift; sourceTree = "<group>"; };
		9D73573A273E0347001B0CEB /* SceneDelegate.swift */ = {isa = PBXFileReference; lastKnownFileType = sourcecode.swift; path = SceneDelegate.swift; sourceTree = "<group>"; };
		9D73573C273E0347001B0CEB /* StationSearchViewController.swift */ = {isa = PBXFileReference; lastKnownFileType = sourcecode.swift; path = StationSearchViewController.swift; sourceTree = "<group>"; };
		9D735741273E034F001B0CEB /* Assets.xcassets */ = {isa = PBXFileReference; lastKnownFileType = folder.assetcatalog; path = Assets.xcassets; sourceTree = "<group>"; };
		9D735744273E034F001B0CEB /* Base */ = {isa = PBXFileReference; lastKnownFileType = file.storyboard; name = Base; path = Base.lproj/LaunchScreen.storyboard; sourceTree = "<group>"; };
		9D735746273E034F001B0CEB /* Info.plist */ = {isa = PBXFileReference; lastKnownFileType = text.plist.xml; path = Info.plist; sourceTree = "<group>"; };
		9D7357522743D2A3001B0CEB /* StationDetailViewController.swift */ = {isa = PBXFileReference; lastKnownFileType = sourcecode.swift; path = StationDetailViewController.swift; sourceTree = "<group>"; };
		9D7357542743DBE2001B0CEB /* StationDetailCollectionViewCell.swift */ = {isa = PBXFileReference; lastKnownFileType = sourcecode.swift; path = StationDetailCollectionViewCell.swift; sourceTree = "<group>"; };
/* End PBXFileReference section */

/* Begin PBXFrameworksBuildPhase section */
		9D735732273E0347001B0CEB /* Frameworks */ = {
			isa = PBXFrameworksBuildPhase;
			buildActionMask = 2147483647;
			files = (
				9D73574E273E05E8001B0CEB /* SnapKit in Frameworks */,
				9D735751273E0603001B0CEB /* Alamofire in Frameworks */,
			);
			runOnlyForDeploymentPostprocessing = 0;
		};
/* End PBXFrameworksBuildPhase section */

/* Begin PBXGroup section */
		9D73572C273E0346001B0CEB = {
			isa = PBXGroup;
			children = (
				9D735737273E0347001B0CEB /* SubwayStation */,
				9D735736273E0347001B0CEB /* Products */,
			);
			sourceTree = "<group>";
		};
		9D735736273E0347001B0CEB /* Products */ = {
			isa = PBXGroup;
			children = (
				9D735735273E0347001B0CEB /* SubwayStation.app */,
			);
			name = Products;
			sourceTree = "<group>";
		};
		9D735737273E0347001B0CEB /* SubwayStation */ = {
			isa = PBXGroup;
			children = (
				9D735738273E0347001B0CEB /* AppDelegate.swift */,
				9D73573A273E0347001B0CEB /* SceneDelegate.swift */,
				9D7357562743E535001B0CEB /* Scenes */,
				9D735741273E034F001B0CEB /* Assets.xcassets */,
				9D735743273E034F001B0CEB /* LaunchScreen.storyboard */,
				9D735746273E034F001B0CEB /* Info.plist */,
			);
			path = SubwayStation;
			sourceTree = "<group>";
		};
		9D7357562743E535001B0CEB /* Scenes */ = {
			isa = PBXGroup;
			children = (
				9D73573C273E0347001B0CEB /* StationSearchViewController.swift */,
				9D7357522743D2A3001B0CEB /* StationDetailViewController.swift */,
				9D7357542743DBE2001B0CEB /* StationDetailCollectionViewCell.swift */,
			);
			path = Scenes;
			sourceTree = "<group>";
		};
/* End PBXGroup section */

/* Begin PBXNativeTarget section */
		9D735734273E0347001B0CEB /* SubwayStation */ = {
			isa = PBXNativeTarget;
			buildConfigurationList = 9D735749273E034F001B0CEB /* Build configuration list for PBXNativeTarget "SubwayStation" */;
			buildPhases = (
				9D735731273E0347001B0CEB /* Sources */,
				9D735732273E0347001B0CEB /* Frameworks */,
				9D735733273E0347001B0CEB /* Resources */,
			);
			buildRules = (
			);
			dependencies = (
			);
			name = SubwayStation;
			packageProductDependencies = (
				9D73574D273E05E8001B0CEB /* SnapKit */,
				9D735750273E0603001B0CEB /* Alamofire */,
			);
			productName = SubwayStation;
			productReference = 9D735735273E0347001B0CEB /* SubwayStation.app */;
			productType = "com.apple.product-type.application";
		};
/* End PBXNativeTarget section */

/* Begin PBXProject section */
		9D73572D273E0347001B0CEB /* Project object */ = {
			isa = PBXProject;
			attributes = {
				BuildIndependentTargetsInParallel = 1;
				LastSwiftUpdateCheck = 1310;
				LastUpgradeCheck = 1310;
				TargetAttributes = {
					9D735734273E0347001B0CEB = {
						CreatedOnToolsVersion = 13.1;
					};
				};
			};
			buildConfigurationList = 9D735730273E0347001B0CEB /* Build configuration list for PBXProject "SubwayStation" */;
			compatibilityVersion = "Xcode 13.0";
			developmentRegion = en;
			hasScannedForEncodings = 0;
			knownRegions = (
				en,
				Base,
			);
			mainGroup = 9D73572C273E0346001B0CEB;
			packageReferences = (
				9D73574C273E05E8001B0CEB /* XCRemoteSwiftPackageReference "SnapKit" */,
				9D73574F273E0603001B0CEB /* XCRemoteSwiftPackageReference "Alamofire" */,
			);
			productRefGroup = 9D735736273E0347001B0CEB /* Products */;
			projectDirPath = "";
			projectRoot = "";
			targets = (
				9D735734273E0347001B0CEB /* SubwayStation */,
			);
		};
/* End PBXProject section */

/* Begin PBXResourcesBuildPhase section */
		9D735733273E0347001B0CEB /* Resources */ = {
			isa = PBXResourcesBuildPhase;
			buildActionMask = 2147483647;
			files = (
				9D735745273E034F001B0CEB /* LaunchScreen.storyboard in Resources */,
				9D735742273E034F001B0CEB /* Assets.xcassets in Resources */,
			);
			runOnlyForDeploymentPostprocessing = 0;
		};
/* End PBXResourcesBuildPhase section */

/* Begin PBXSourcesBuildPhase section */
		9D735731273E0347001B0CEB /* Sources */ = {
			isa = PBXSourcesBuildPhase;
			buildActionMask = 2147483647;
			files = (
				9D7357532743D2A4001B0CEB /* StationDetailViewController.swift in Sources */,
				9D73573D273E0347001B0CEB /* StationSearchViewController.swift in Sources */,
				9D735739273E0347001B0CEB /* AppDelegate.swift in Sources */,
				9D73573B273E0347001B0CEB /* SceneDelegate.swift in Sources */,
				9D7357552743DBE3001B0CEB /* StationDetailCollectionViewCell.swift in Sources */,
			);
			runOnlyForDeploymentPostprocessing = 0;
		};
/* End PBXSourcesBuildPhase section */

/* Begin PBXVariantGroup section */
		9D735743273E034F001B0CEB /* LaunchScreen.storyboard */ = {
			isa = PBXVariantGroup;
			children = (
				9D735744273E034F001B0CEB /* Base */,
			);
			name = LaunchScreen.storyboard;
			sourceTree = "<group>";
		};
/* End PBXVariantGroup section */

/* Begin XCBuildConfiguration section */
		9D735747273E034F001B0CEB /* Debug */ = {
			isa = XCBuildConfiguration;
			buildSettings = {
				ALWAYS_SEARCH_USER_PATHS = NO;
				CLANG_ANALYZER_NONNULL = YES;
				CLANG_ANALYZER_NUMBER_OBJECT_CONVERSION = YES_AGGRESSIVE;
				CLANG_CXX_LANGUAGE_STANDARD = "gnu++17";
				CLANG_CXX_LIBRARY = "libc++";
				CLANG_ENABLE_MODULES = YES;
				CLANG_ENABLE_OBJC_ARC = YES;
				CLANG_ENABLE_OBJC_WEAK = YES;
				CLANG_WARN_BLOCK_CAPTURE_AUTORELEASING = YES;
				CLANG_WARN_BOOL_CONVERSION = YES;
				CLANG_WARN_COMMA = YES;
				CLANG_WARN_CONSTANT_CONVERSION = YES;
				CLANG_WARN_DEPRECATED_OBJC_IMPLEMENTATIONS = YES;
				CLANG_WARN_DIRECT_OBJC_ISA_USAGE = YES_ERROR;
				CLANG_WARN_DOCUMENTATION_COMMENTS = YES;
				CLANG_WARN_EMPTY_BODY = YES;
				CLANG_WARN_ENUM_CONVERSION = YES;
				CLANG_WARN_INFINITE_RECURSION = YES;
				CLANG_WARN_INT_CONVERSION = YES;
				CLANG_WARN_NON_LITERAL_NULL_CONVERSION = YES;
				CLANG_WARN_OBJC_IMPLICIT_RETAIN_SELF = YES;
				CLANG_WARN_OBJC_LITERAL_CONVERSION = YES;
				CLANG_WARN_OBJC_ROOT_CLASS = YES_ERROR;
				CLANG_WARN_QUOTED_INCLUDE_IN_FRAMEWORK_HEADER = YES;
				CLANG_WARN_RANGE_LOOP_ANALYSIS = YES;
				CLANG_WARN_STRICT_PROTOTYPES = YES;
				CLANG_WARN_SUSPICIOUS_MOVE = YES;
				CLANG_WARN_UNGUARDED_AVAILABILITY = YES_AGGRESSIVE;
				CLANG_WARN_UNREACHABLE_CODE = YES;
				CLANG_WARN__DUPLICATE_METHOD_MATCH = YES;
				COPY_PHASE_STRIP = NO;
				DEBUG_INFORMATION_FORMAT = dwarf;
				ENABLE_STRICT_OBJC_MSGSEND = YES;
				ENABLE_TESTABILITY = YES;
				GCC_C_LANGUAGE_STANDARD = gnu11;
				GCC_DYNAMIC_NO_PIC = NO;
				GCC_NO_COMMON_BLOCKS = YES;
				GCC_OPTIMIZATION_LEVEL = 0;
				GCC_PREPROCESSOR_DEFINITIONS = (
					"DEBUG=1",
					"$(inherited)",
				);
				GCC_WARN_64_TO_32_BIT_CONVERSION = YES;
				GCC_WARN_ABOUT_RETURN_TYPE = YES_ERROR;
				GCC_WARN_UNDECLARED_SELECTOR = YES;
				GCC_WARN_UNINITIALIZED_AUTOS = YES_AGGRESSIVE;
				GCC_WARN_UNUSED_FUNCTION = YES;
				GCC_WARN_UNUSED_VARIABLE = YES;
				IPHONEOS_DEPLOYMENT_TARGET = 15.0;
				MTL_ENABLE_DEBUG_INFO = INCLUDE_SOURCE;
				MTL_FAST_MATH = YES;
				ONLY_ACTIVE_ARCH = YES;
				SDKROOT = iphoneos;
				SWIFT_ACTIVE_COMPILATION_CONDITIONS = DEBUG;
				SWIFT_OPTIMIZATION_LEVEL = "-Onone";
			};
			name = Debug;
		};
		9D735748273E034F001B0CEB /* Release */ = {
			isa = XCBuildConfiguration;
			buildSettings = {
				ALWAYS_SEARCH_USER_PATHS = NO;
				CLANG_ANALYZER_NONNULL = YES;
				CLANG_ANALYZER_NUMBER_OBJECT_CONVERSION = YES_AGGRESSIVE;
				CLANG_CXX_LANGUAGE_STANDARD = "gnu++17";
				CLANG_CXX_LIBRARY = "libc++";
				CLANG_ENABLE_MODULES = YES;
				CLANG_ENABLE_OBJC_ARC = YES;
				CLANG_ENABLE_OBJC_WEAK = YES;
				CLANG_WARN_BLOCK_CAPTURE_AUTORELEASING = YES;
				CLANG_WARN_BOOL_CONVERSION = YES;
				CLANG_WARN_COMMA = YES;
				CLANG_WARN_CONSTANT_CONVERSION = YES;
				CLANG_WARN_DEPRECATED_OBJC_IMPLEMENTATIONS = YES;
				CLANG_WARN_DIRECT_OBJC_ISA_USAGE = YES_ERROR;
				CLANG_WARN_DOCUMENTATION_COMMENTS = YES;
				CLANG_WARN_EMPTY_BODY = YES;
				CLANG_WARN_ENUM_CONVERSION = YES;
				CLANG_WARN_INFINITE_RECURSION = YES;
				CLANG_WARN_INT_CONVERSION = YES;
				CLANG_WARN_NON_LITERAL_NULL_CONVERSION = YES;
				CLANG_WARN_OBJC_IMPLICIT_RETAIN_SELF = YES;
				CLANG_WARN_OBJC_LITERAL_CONVERSION = YES;
				CLANG_WARN_OBJC_ROOT_CLASS = YES_ERROR;
				CLANG_WARN_QUOTED_INCLUDE_IN_FRAMEWORK_HEADER = YES;
				CLANG_WARN_RANGE_LOOP_ANALYSIS = YES;
				CLANG_WARN_STRICT_PROTOTYPES = YES;
				CLANG_WARN_SUSPICIOUS_MOVE = YES;
				CLANG_WARN_UNGUARDED_AVAILABILITY = YES_AGGRESSIVE;
				CLANG_WARN_UNREACHABLE_CODE = YES;
				CLANG_WARN__DUPLICATE_METHOD_MATCH = YES;
				COPY_PHASE_STRIP = NO;
				DEBUG_INFORMATION_FORMAT = "dwarf-with-dsym";
				ENABLE_NS_ASSERTIONS = NO;
				ENABLE_STRICT_OBJC_MSGSEND = YES;
				GCC_C_LANGUAGE_STANDARD = gnu11;
				GCC_NO_COMMON_BLOCKS = YES;
				GCC_WARN_64_TO_32_BIT_CONVERSION = YES;
				GCC_WARN_ABOUT_RETURN_TYPE = YES_ERROR;
				GCC_WARN_UNDECLARED_SELECTOR = YES;
				GCC_WARN_UNINITIALIZED_AUTOS = YES_AGGRESSIVE;
				GCC_WARN_UNUSED_FUNCTION = YES;
				GCC_WARN_UNUSED_VARIABLE = YES;
				IPHONEOS_DEPLOYMENT_TARGET = 15.0;
				MTL_ENABLE_DEBUG_INFO = NO;
				MTL_FAST_MATH = YES;
				SDKROOT = iphoneos;
				SWIFT_COMPILATION_MODE = wholemodule;
				SWIFT_OPTIMIZATION_LEVEL = "-O";
				VALIDATE_PRODUCT = YES;
			};
			name = Release;
		};
		9D73574A273E034F001B0CEB /* Debug */ = {
			isa = XCBuildConfiguration;
			buildSettings = {
				ASSETCATALOG_COMPILER_APPICON_NAME = AppIcon;
				ASSETCATALOG_COMPILER_GLOBAL_ACCENT_COLOR_NAME = AccentColor;
				CODE_SIGN_STYLE = Automatic;
				CURRENT_PROJECT_VERSION = 1;
				GENERATE_INFOPLIST_FILE = YES;
				INFOPLIST_FILE = SubwayStation/Info.plist;
				INFOPLIST_KEY_UIApplicationSupportsIndirectInputEvents = YES;
				INFOPLIST_KEY_UILaunchStoryboardName = LaunchScreen;
				INFOPLIST_KEY_UISupportedInterfaceOrientations_iPad = "UIInterfaceOrientationPortrait UIInterfaceOrientationPortraitUpsideDown UIInterfaceOrientationLandscapeLeft UIInterfaceOrientationLandscapeRight";
				INFOPLIST_KEY_UISupportedInterfaceOrientations_iPhone = "UIInterfaceOrientationPortrait UIInterfaceOrientationLandscapeLeft UIInterfaceOrientationLandscapeRight";
				LD_RUNPATH_SEARCH_PATHS = (
					"$(inherited)",
					"@executable_path/Frameworks",
				);
				MARKETING_VERSION = 1.0;
				PRODUCT_BUNDLE_IDENTIFIER = com.SubwayStation;
				PRODUCT_NAME = "$(TARGET_NAME)";
				SWIFT_EMIT_LOC_STRINGS = YES;
				SWIFT_VERSION = 5.0;
				TARGETED_DEVICE_FAMILY = "1,2";
			};
			name = Debug;
		};
		9D73574B273E034F001B0CEB /* Release */ = {
			isa = XCBuildConfiguration;
			buildSettings = {
				ASSETCATALOG_COMPILER_APPICON_NAME = AppIcon;
				ASSETCATALOG_COMPILER_GLOBAL_ACCENT_COLOR_NAME = AccentColor;
				CODE_SIGN_STYLE = Automatic;
				CURRENT_PROJECT_VERSION = 1;
				GENERATE_INFOPLIST_FILE = YES;
				INFOPLIST_FILE = SubwayStation/Info.plist;
				INFOPLIST_KEY_UIApplicationSupportsIndirectInputEvents = YES;
				INFOPLIST_KEY_UILaunchStoryboardName = LaunchScreen;
				INFOPLIST_KEY_UISupportedInterfaceOrientations_iPad = "UIInterfaceOrientationPortrait UIInterfaceOrientationPortraitUpsideDown UIInterfaceOrientationLandscapeLeft UIInterfaceOrientationLandscapeRight";
				INFOPLIST_KEY_UISupportedInterfaceOrientations_iPhone = "UIInterfaceOrientationPortrait UIInterfaceOrientationLandscapeLeft UIInterfaceOrientationLandscapeRight";
				LD_RUNPATH_SEARCH_PATHS = (
					"$(inherited)",
					"@executable_path/Frameworks",
				);
				MARKETING_VERSION = 1.0;
				PRODUCT_BUNDLE_IDENTIFIER = com.SubwayStation;
				PRODUCT_NAME = "$(TARGET_NAME)";
				SWIFT_EMIT_LOC_STRINGS = YES;
				SWIFT_VERSION = 5.0;
				TARGETED_DEVICE_FAMILY = "1,2";
			};
			name = Release;
		};
/* End XCBuildConfiguration section */

/* Begin XCConfigurationList section */
		9D735730273E0347001B0CEB /* Build configuration list for PBXProject "SubwayStation" */ = {
			isa = XCConfigurationList;
			buildConfigurations = (
				9D735747273E034F001B0CEB /* Debug */,
				9D735748273E034F001B0CEB /* Release */,
			);
			defaultConfigurationIsVisible = 0;
			defaultConfigurationName = Release;
		};
		9D735749273E034F001B0CEB /* Build configuration list for PBXNativeTarget "SubwayStation" */ = {
			isa = XCConfigurationList;
			buildConfigurations = (
				9D73574A273E034F001B0CEB /* Debug */,
				9D73574B273E034F001B0CEB /* Release */,
			);
			defaultConfigurationIsVisible = 0;
			defaultConfigurationName = Release;
		};
/* End XCConfigurationList section */

/* Begin XCRemoteSwiftPackageReference section */
		9D73574C273E05E8001B0CEB /* XCRemoteSwiftPackageReference "SnapKit" */ = {
			isa = XCRemoteSwiftPackageReference;
			repositoryURL = "https://github.com/SnapKit/SnapKit.git";
			requirement = {
				kind = upToNextMajorVersion;
				minimumVersion = 5.0.1;
			};
		};
		9D73574F273E0603001B0CEB /* XCRemoteSwiftPackageReference "Alamofire" */ = {
			isa = XCRemoteSwiftPackageReference;
			repositoryURL = "https://github.com/Alamofire/Alamofire.git";
			requirement = {
				kind = upToNextMajorVersion;
				minimumVersion = 5.4.0;
			};
		};
/* End XCRemoteSwiftPackageReference section */

/* Begin XCSwiftPackageProductDependency section */
		9D73574D273E05E8001B0CEB /* SnapKit */ = {
			isa = XCSwiftPackageProductDependency;
			package = 9D73574C273E05E8001B0CEB /* XCRemoteSwiftPackageReference "SnapKit" */;
			productName = SnapKit;
		};
		9D735750273E0603001B0CEB /* Alamofire */ = {
			isa = XCSwiftPackageProductDependency;
			package = 9D73574F273E0603001B0CEB /* XCRemoteSwiftPackageReference "Alamofire" */;
			productName = Alamofire;
		};
/* End XCSwiftPackageProductDependency section */
	};
	rootObject = 9D73572D273E0347001B0CEB /* Project object */;
}
